// !$*UTF8*$!
{
	archiveVersion = 1;
	classes = {
	};
	objectVersion = 56;
	objects = {

/* Begin PBXBuildFile section */
		1CA998C627766237F2232BEB /* Parra in Frameworks */ = {isa = PBXBuildFile; productRef = 891A4F58AEAA67EE71B01F3D /* Parra */; };
		1E99B84342572BDFEBC914F3 /* AccountView.swift in Sources */ = {isa = PBXBuildFile; fileRef = DB9AA0E98D7D8C1775ADAA46 /* AccountView.swift */; };
		282F1F523E6C314C4B94D0F8 /* SettingsFooter.swift in Sources */ = {isa = PBXBuildFile; fileRef = 23A117BCE53D8D030C7C03D9 /* SettingsFooter.swift */; };
		285F09588B6089D743CCAEE5 /* ProfileCell.swift in Sources */ = {isa = PBXBuildFile; fileRef = DFCF2E9F36F890D4B3E73D4B /* ProfileCell.swift */; };
		2FC767E55A6C6A009C3907D9 /* EditProfileView.swift in Sources */ = {isa = PBXBuildFile; fileRef = E7D5A8EE614831A94918D76F /* EditProfileView.swift */; };
		301FBC8EDBE41F9BCFA28802 /* ContentView.swift in Sources */ = {isa = PBXBuildFile; fileRef = B63B75B3B10B54DCB9C66F96 /* ContentView.swift */; };
		310BE64287B8846404DDC1A8 /* FeedbackCell.swift in Sources */ = {isa = PBXBuildFile; fileRef = 097FEEA846AB5838719FF7D2 /* FeedbackCell.swift */; };
		3FB3C8C0634A765EE81D042E /* Assets.xcassets in Resources */ = {isa = PBXBuildFile; fileRef = 76989E05CECAD7B8B3C424A7 /* Assets.xcassets */; };
		8E004B3E344CFB3B00F8122B /* ChangelogCell.swift in Sources */ = {isa = PBXBuildFile; fileRef = BC5A8C7F6E312D9D6A45664F /* ChangelogCell.swift */; };
		8FFB2E0E8449BA36E8D0323C /* DeleteAccountCell.swift in Sources */ = {isa = PBXBuildFile; fileRef = 31B2EE9B1DDE39573CD86A5F /* DeleteAccountCell.swift */; };
		9F7470D7F902CA288B16F523 /* SampleTab.swift in Sources */ = {isa = PBXBuildFile; fileRef = 5726332A123ADF32F6DB74D8 /* SampleTab.swift */; };
		A2B1975BB925DCA45327D71E /* App.swift in Sources */ = {isa = PBXBuildFile; fileRef = BDB04A33912347325A0155D6 /* App.swift */; };
		A853B77934454ADF6EEA2FAC /* ShareCell.swift in Sources */ = {isa = PBXBuildFile; fileRef = A57E7559CF98000C7A5541B4 /* ShareCell.swift */; };
		A8D63B15074A16FE4E52CD58 /* AccountHeader.swift in Sources */ = {isa = PBXBuildFile; fileRef = A42A7A3921EA673F8B07A577 /* AccountHeader.swift */; };
		B1020FF8F63082E668F6FE2A /* ChangePasswordCell.swift in Sources */ = {isa = PBXBuildFile; fileRef = DC91BB14401C3D325701B48A /* ChangePasswordCell.swift */; };
		B40A07C567F5806FF59DE1D9 /* ReviewAppCell.swift in Sources */ = {isa = PBXBuildFile; fileRef = EF7F41E41B8B710242520EFF /* ReviewAppCell.swift */; };
		CA4A4EAE17693577DE268D55 /* SettingsTab.swift in Sources */ = {isa = PBXBuildFile; fileRef = 418589405E91CF1C55B035BE /* SettingsTab.swift */; };
		D7BA30BBF1957863FE37B6C0 /* LogoutCell.swift in Sources */ = {isa = PBXBuildFile; fileRef = E0D73917E4C1A08E4F9491B6 /* LogoutCell.swift */; };
		DF86A33129E54CB9D02A2324 /* ThemeCell.swift in Sources */ = {isa = PBXBuildFile; fileRef = 11E09681B015E6B5C4AF9BCE /* ThemeCell.swift */; };
		E43D647EBA21E26B26D5761A /* LatestReleaseCell.swift in Sources */ = {isa = PBXBuildFile; fileRef = 67909EE0759A23ED00CDDA73 /* LatestReleaseCell.swift */; };
		F37754CBDF606D0089847176 /* RoadmapCell.swift in Sources */ = {isa = PBXBuildFile; fileRef = 2520E3E19CB02ACC3838FA6B /* RoadmapCell.swift */; };
/* End PBXBuildFile section */

/* Begin PBXFileReference section */
		097FEEA846AB5838719FF7D2 /* FeedbackCell.swift */ = {isa = PBXFileReference; lastKnownFileType = sourcecode.swift; path = FeedbackCell.swift; sourceTree = "<group>"; };
		11E09681B015E6B5C4AF9BCE /* ThemeCell.swift */ = {isa = PBXFileReference; lastKnownFileType = sourcecode.swift; path = ThemeCell.swift; sourceTree = "<group>"; };
		23A117BCE53D8D030C7C03D9 /* SettingsFooter.swift */ = {isa = PBXFileReference; lastKnownFileType = sourcecode.swift; path = SettingsFooter.swift; sourceTree = "<group>"; };
		2520E3E19CB02ACC3838FA6B /* RoadmapCell.swift */ = {isa = PBXFileReference; lastKnownFileType = sourcecode.swift; path = RoadmapCell.swift; sourceTree = "<group>"; };
		31B2EE9B1DDE39573CD86A5F /* DeleteAccountCell.swift */ = {isa = PBXFileReference; lastKnownFileType = sourcecode.swift; path = DeleteAccountCell.swift; sourceTree = "<group>"; };
		418589405E91CF1C55B035BE /* SettingsTab.swift */ = {isa = PBXFileReference; lastKnownFileType = sourcecode.swift; path = SettingsTab.swift; sourceTree = "<group>"; };
		49D88A349FD70A9153DD2C03 /* App.app */ = {isa = PBXFileReference; explicitFileType = wrapper.application; includeInIndex = 0; path = App.app; sourceTree = BUILT_PRODUCTS_DIR; };
		5726332A123ADF32F6DB74D8 /* SampleTab.swift */ = {isa = PBXFileReference; lastKnownFileType = sourcecode.swift; path = SampleTab.swift; sourceTree = "<group>"; };
		67909EE0759A23ED00CDDA73 /* LatestReleaseCell.swift */ = {isa = PBXFileReference; lastKnownFileType = sourcecode.swift; path = LatestReleaseCell.swift; sourceTree = "<group>"; };
		70FBD15B60B003AAE2FE5530 /* Info.plist */ = {isa = PBXFileReference; lastKnownFileType = text.plist; path = Info.plist; sourceTree = "<group>"; };
		76989E05CECAD7B8B3C424A7 /* Assets.xcassets */ = {isa = PBXFileReference; lastKnownFileType = folder.assetcatalog; path = Assets.xcassets; sourceTree = "<group>"; };
		876BB73812F982755150CEEE /* Release.entitlements */ = {isa = PBXFileReference; lastKnownFileType = text.plist.entitlements; path = Release.entitlements; sourceTree = "<group>"; };
		A42A7A3921EA673F8B07A577 /* AccountHeader.swift */ = {isa = PBXFileReference; lastKnownFileType = sourcecode.swift; path = AccountHeader.swift; sourceTree = "<group>"; };
		A57E7559CF98000C7A5541B4 /* ShareCell.swift */ = {isa = PBXFileReference; lastKnownFileType = sourcecode.swift; path = ShareCell.swift; sourceTree = "<group>"; };
		B63B75B3B10B54DCB9C66F96 /* ContentView.swift */ = {isa = PBXFileReference; lastKnownFileType = sourcecode.swift; path = ContentView.swift; sourceTree = "<group>"; };
		BC5A8C7F6E312D9D6A45664F /* ChangelogCell.swift */ = {isa = PBXFileReference; lastKnownFileType = sourcecode.swift; path = ChangelogCell.swift; sourceTree = "<group>"; };
		BDB04A33912347325A0155D6 /* App.swift */ = {isa = PBXFileReference; lastKnownFileType = sourcecode.swift; path = App.swift; sourceTree = "<group>"; };
		DB9AA0E98D7D8C1775ADAA46 /* AccountView.swift */ = {isa = PBXFileReference; lastKnownFileType = sourcecode.swift; path = AccountView.swift; sourceTree = "<group>"; };
		DC91BB14401C3D325701B48A /* ChangePasswordCell.swift */ = {isa = PBXFileReference; lastKnownFileType = sourcecode.swift; path = ChangePasswordCell.swift; sourceTree = "<group>"; };
		DFCF2E9F36F890D4B3E73D4B /* ProfileCell.swift */ = {isa = PBXFileReference; lastKnownFileType = sourcecode.swift; path = ProfileCell.swift; sourceTree = "<group>"; };
		E0D73917E4C1A08E4F9491B6 /* LogoutCell.swift */ = {isa = PBXFileReference; lastKnownFileType = sourcecode.swift; path = LogoutCell.swift; sourceTree = "<group>"; };
		E7D5A8EE614831A94918D76F /* EditProfileView.swift */ = {isa = PBXFileReference; lastKnownFileType = sourcecode.swift; path = EditProfileView.swift; sourceTree = "<group>"; };
		EF7F41E41B8B710242520EFF /* ReviewAppCell.swift */ = {isa = PBXFileReference; lastKnownFileType = sourcecode.swift; path = ReviewAppCell.swift; sourceTree = "<group>"; };
		F2587592900A5895DEB4E1F7 /* Debug.entitlements */ = {isa = PBXFileReference; lastKnownFileType = text.plist.entitlements; path = Debug.entitlements; sourceTree = "<group>"; };
/* End PBXFileReference section */

/* Begin PBXFrameworksBuildPhase section */
		BC0DC3536DED64E0E8C9923E /* Frameworks */ = {
			isa = PBXFrameworksBuildPhase;
			buildActionMask = 2147483647;
			files = (
				1CA998C627766237F2232BEB /* Parra in Frameworks */,
			);
			runOnlyForDeploymentPostprocessing = 0;
		};
/* End PBXFrameworksBuildPhase section */

/* Begin PBXGroup section */
		05816FAD7DC5D95676E2F3B1 /* Cells */ = {
			isa = PBXGroup;
			children = (
				BC5A8C7F6E312D9D6A45664F /* ChangelogCell.swift */,
				097FEEA846AB5838719FF7D2 /* FeedbackCell.swift */,
				67909EE0759A23ED00CDDA73 /* LatestReleaseCell.swift */,
				DFCF2E9F36F890D4B3E73D4B /* ProfileCell.swift */,
				EF7F41E41B8B710242520EFF /* ReviewAppCell.swift */,
				2520E3E19CB02ACC3838FA6B /* RoadmapCell.swift */,
				A57E7559CF98000C7A5541B4 /* ShareCell.swift */,
				11E09681B015E6B5C4AF9BCE /* ThemeCell.swift */,
			);
			path = Cells;
			sourceTree = "<group>";
		};
		1CEB7A227FA65C85D09631EC /* Account Screen */ = {
			isa = PBXGroup;
			children = (
				A42A7A3921EA673F8B07A577 /* AccountHeader.swift */,
				DB9AA0E98D7D8C1775ADAA46 /* AccountView.swift */,
				DC91BB14401C3D325701B48A /* ChangePasswordCell.swift */,
				31B2EE9B1DDE39573CD86A5F /* DeleteAccountCell.swift */,
				E0D73917E4C1A08E4F9491B6 /* LogoutCell.swift */,
			);
			path = "Account Screen";
			sourceTree = "<group>";
		};
		234874118F9C63602921CA0D /* Edit Profile Screen */ = {
			isa = PBXGroup;
			children = (
				E7D5A8EE614831A94918D76F /* EditProfileView.swift */,
			);
			path = "Edit Profile Screen";
			sourceTree = "<group>";
		};
		4102E3E068508DD683953C7D = {
			isa = PBXGroup;
			children = (
				443E9F32F0EC65EEBF466F3B /* App */,
				E9C3DB3EC6D7655028A9C0D3 /* Products */,
			);
			sourceTree = "<group>";
		};
		443E9F32F0EC65EEBF466F3B /* App */ = {
			isa = PBXGroup;
			children = (
				BDB04A33912347325A0155D6 /* App.swift */,
				76989E05CECAD7B8B3C424A7 /* Assets.xcassets */,
				B63B75B3B10B54DCB9C66F96 /* ContentView.swift */,
				F2587592900A5895DEB4E1F7 /* Debug.entitlements */,
				70FBD15B60B003AAE2FE5530 /* Info.plist */,
				876BB73812F982755150CEEE /* Release.entitlements */,
				5726332A123ADF32F6DB74D8 /* SampleTab.swift */,
				61B4E1AEE6868F6F15C803B5 /* Settings Tab */,
			);
			path = App;
			sourceTree = "<group>";
		};
		61B4E1AEE6868F6F15C803B5 /* Settings Tab */ = {
			isa = PBXGroup;
			children = (
				23A117BCE53D8D030C7C03D9 /* SettingsFooter.swift */,
				418589405E91CF1C55B035BE /* SettingsTab.swift */,
				1CEB7A227FA65C85D09631EC /* Account Screen */,
				05816FAD7DC5D95676E2F3B1 /* Cells */,
				234874118F9C63602921CA0D /* Edit Profile Screen */,
			);
			path = "Settings Tab";
			sourceTree = "<group>";
		};
		E9C3DB3EC6D7655028A9C0D3 /* Products */ = {
			isa = PBXGroup;
			children = (
				49D88A349FD70A9153DD2C03 /* App.app */,
			);
			name = Products;
			sourceTree = "<group>";
		};
/* End PBXGroup section */

/* Begin PBXNativeTarget section */
		93E9E330FC2CE7458D9C925F /* App */ = {
			isa = PBXNativeTarget;
			buildConfigurationList = FFC1863BD4026D2C17CBE82B /* Build configuration list for PBXNativeTarget "App" */;
			buildPhases = (
				B77F0AF073564580D75A2CF1 /* Sources */,
				37BFF6A8CB5CC7FA21AD3FA3 /* Resources */,
				BC0DC3536DED64E0E8C9923E /* Frameworks */,
			);
			buildRules = (
			);
			dependencies = (
			);
			name = App;
			packageProductDependencies = (
				891A4F58AEAA67EE71B01F3D /* Parra */,
			);
			productName = App;
			productReference = 49D88A349FD70A9153DD2C03 /* App.app */;
			productType = "com.apple.product-type.application";
		};
/* End PBXNativeTarget section */

/* Begin PBXProject section */
		6B590BF25178DC7D824D09CE /* Project object */ = {
			isa = PBXProject;
			attributes = {
				BuildIndependentTargetsInParallel = YES;
				LastUpgradeCheck = 1430;
			};
			buildConfigurationList = B3FD05C59F197F398A0B04AB /* Build configuration list for PBXProject "App" */;
			compatibilityVersion = "Xcode 14.0";
			developmentRegion = en;
			hasScannedForEncodings = 0;
			knownRegions = (
				Base,
				en,
			);
			mainGroup = 4102E3E068508DD683953C7D;
			packageReferences = (
				09403CDB0697C66D333BF533 /* XCRemoteSwiftPackageReference "parra-ios-sdk" */,
			);
			projectDirPath = "";
			projectRoot = "";
			targets = (
				93E9E330FC2CE7458D9C925F /* App */,
			);
		};
/* End PBXProject section */

/* Begin PBXResourcesBuildPhase section */
		37BFF6A8CB5CC7FA21AD3FA3 /* Resources */ = {
			isa = PBXResourcesBuildPhase;
			buildActionMask = 2147483647;
			files = (
				3FB3C8C0634A765EE81D042E /* Assets.xcassets in Resources */,
			);
			runOnlyForDeploymentPostprocessing = 0;
		};
/* End PBXResourcesBuildPhase section */

/* Begin PBXSourcesBuildPhase section */
		B77F0AF073564580D75A2CF1 /* Sources */ = {
			isa = PBXSourcesBuildPhase;
			buildActionMask = 2147483647;
			files = (
				A8D63B15074A16FE4E52CD58 /* AccountHeader.swift in Sources */,
				1E99B84342572BDFEBC914F3 /* AccountView.swift in Sources */,
				A2B1975BB925DCA45327D71E /* App.swift in Sources */,
				B1020FF8F63082E668F6FE2A /* ChangePasswordCell.swift in Sources */,
				8E004B3E344CFB3B00F8122B /* ChangelogCell.swift in Sources */,
				301FBC8EDBE41F9BCFA28802 /* ContentView.swift in Sources */,
				8FFB2E0E8449BA36E8D0323C /* DeleteAccountCell.swift in Sources */,
				2FC767E55A6C6A009C3907D9 /* EditProfileView.swift in Sources */,
				310BE64287B8846404DDC1A8 /* FeedbackCell.swift in Sources */,
				E43D647EBA21E26B26D5761A /* LatestReleaseCell.swift in Sources */,
				D7BA30BBF1957863FE37B6C0 /* LogoutCell.swift in Sources */,
				285F09588B6089D743CCAEE5 /* ProfileCell.swift in Sources */,
				B40A07C567F5806FF59DE1D9 /* ReviewAppCell.swift in Sources */,
				F37754CBDF606D0089847176 /* RoadmapCell.swift in Sources */,
				9F7470D7F902CA288B16F523 /* SampleTab.swift in Sources */,
				282F1F523E6C314C4B94D0F8 /* SettingsFooter.swift in Sources */,
				CA4A4EAE17693577DE268D55 /* SettingsTab.swift in Sources */,
				A853B77934454ADF6EEA2FAC /* ShareCell.swift in Sources */,
				DF86A33129E54CB9D02A2324 /* ThemeCell.swift in Sources */,
			);
			runOnlyForDeploymentPostprocessing = 0;
		};
/* End PBXSourcesBuildPhase section */

/* Begin XCBuildConfiguration section */
		4A0C935808978B5A7673E412 /* Debug */ = {
			isa = XCBuildConfiguration;
			buildSettings = {
				ASSETCATALOG_COMPILER_APPICON_NAME = AppIcon;
				CODE_SIGNING_ALLOWED = NO;
				CODE_SIGNING_REQUIRED = NO;
				CODE_SIGN_ENTITLEMENTS = "App/Entitlements-debug.entitlements";
				CODE_SIGN_IDENTITY = "-";
				CURRENT_PROJECT_VERSION = 1;
				INFOPLIST_FILE = App/Info.plist;
				IPHONEOS_DEPLOYMENT_TARGET = 17.3;
				LD_RUNPATH_SEARCH_PATHS = (
					"$(inherited)",
					"@executable_path/Frameworks",
				);
				MARKETING_VERSION = 1.0.0;
				PRODUCT_BUNDLE_IDENTIFIER = com.mycompany.myapp;
				SDKROOT = iphoneos;
				SWIFT_ENABLE_BARE_SLASH_REGEX = YES;
				SWIFT_VERSION = 5.9;
				TARGETED_DEVICE_FAMILY = "1,2";
			};
			name = Debug;
		};
		5C9EF0E6AF4F9491454DE177 /* Release */ = {
			isa = XCBuildConfiguration;
			buildSettings = {
				ALWAYS_SEARCH_USER_PATHS = NO;
				CLANG_ANALYZER_NONNULL = YES;
				CLANG_ANALYZER_NUMBER_OBJECT_CONVERSION = YES_AGGRESSIVE;
				CLANG_CXX_LANGUAGE_STANDARD = "gnu++14";
				CLANG_CXX_LIBRARY = "libc++";
				CLANG_ENABLE_MODULES = YES;
				CLANG_ENABLE_OBJC_ARC = YES;
				CLANG_ENABLE_OBJC_WEAK = YES;
				CLANG_WARN_BLOCK_CAPTURE_AUTORELEASING = YES;
				CLANG_WARN_BOOL_CONVERSION = YES;
				CLANG_WARN_COMMA = YES;
				CLANG_WARN_CONSTANT_CONVERSION = YES;
				CLANG_WARN_DEPRECATED_OBJC_IMPLEMENTATIONS = YES;
				CLANG_WARN_DIRECT_OBJC_ISA_USAGE = YES_ERROR;
				CLANG_WARN_DOCUMENTATION_COMMENTS = YES;
				CLANG_WARN_EMPTY_BODY = YES;
				CLANG_WARN_ENUM_CONVERSION = YES;
				CLANG_WARN_INFINITE_RECURSION = YES;
				CLANG_WARN_INT_CONVERSION = YES;
				CLANG_WARN_NON_LITERAL_NULL_CONVERSION = YES;
				CLANG_WARN_OBJC_IMPLICIT_RETAIN_SELF = YES;
				CLANG_WARN_OBJC_LITERAL_CONVERSION = YES;
				CLANG_WARN_OBJC_ROOT_CLASS = YES_ERROR;
				CLANG_WARN_QUOTED_INCLUDE_IN_FRAMEWORK_HEADER = YES;
				CLANG_WARN_RANGE_LOOP_ANALYSIS = YES;
				CLANG_WARN_STRICT_PROTOTYPES = YES;
				CLANG_WARN_SUSPICIOUS_MOVE = YES;
				CLANG_WARN_UNGUARDED_AVAILABILITY = YES_AGGRESSIVE;
				CLANG_WARN_UNREACHABLE_CODE = YES;
				CLANG_WARN__DUPLICATE_METHOD_MATCH = YES;
				COPY_PHASE_STRIP = NO;
				CURRENT_PROJECT_VERSION = 1;
				DEBUG_INFORMATION_FORMAT = "dwarf-with-dsym";
				ENABLE_NS_ASSERTIONS = NO;
				ENABLE_STRICT_OBJC_MSGSEND = YES;
				GCC_C_LANGUAGE_STANDARD = gnu11;
				GCC_NO_COMMON_BLOCKS = YES;
				GCC_WARN_64_TO_32_BIT_CONVERSION = YES;
				GCC_WARN_ABOUT_RETURN_TYPE = YES_ERROR;
				GCC_WARN_UNDECLARED_SELECTOR = YES;
				GCC_WARN_UNINITIALIZED_AUTOS = YES_AGGRESSIVE;
				GCC_WARN_UNUSED_FUNCTION = YES;
				GCC_WARN_UNUSED_VARIABLE = YES;
				IPHONEOS_DEPLOYMENT_TARGET = 17.3;
				MARKETING_VERSION = 1.0.0;
				MTL_ENABLE_DEBUG_INFO = NO;
				MTL_FAST_MATH = YES;
				PRODUCT_NAME = "$(TARGET_NAME)";
				SDKROOT = iphoneos;
				SWIFT_COMPILATION_MODE = wholemodule;
				SWIFT_ENABLE_BARE_SLASH_REGEX = YES;
				SWIFT_OPTIMIZATION_LEVEL = "-O";
				SWIFT_VERSION = 5.9;
			};
			name = Release;
		};
		EB1CC3A930E09FEBECF9195D /* Release */ = {
			isa = XCBuildConfiguration;
			buildSettings = {
				ASSETCATALOG_COMPILER_APPICON_NAME = AppIcon;
				CODE_SIGNING_ALLOWED = NO;
				CODE_SIGNING_REQUIRED = NO;
				CODE_SIGN_ENTITLEMENTS = "App/Entitlements-release.entitlements";
				CODE_SIGN_IDENTITY = "-";
				CURRENT_PROJECT_VERSION = 1;
				INFOPLIST_FILE = App/Info.plist;
				IPHONEOS_DEPLOYMENT_TARGET = 17.3;
				LD_RUNPATH_SEARCH_PATHS = (
					"$(inherited)",
					"@executable_path/Frameworks",
				);
				MARKETING_VERSION = 1.0.0;
				PRODUCT_BUNDLE_IDENTIFIER = com.mycompany.myapp;
				SDKROOT = iphoneos;
				SWIFT_ENABLE_BARE_SLASH_REGEX = YES;
				SWIFT_VERSION = 5.9;
				TARGETED_DEVICE_FAMILY = "1,2";
			};
			name = Release;
		};
		F61063B78755D98B1B9C3697 /* Debug */ = {
			isa = XCBuildConfiguration;
			buildSettings = {
				ALWAYS_SEARCH_USER_PATHS = NO;
				CLANG_ANALYZER_NONNULL = YES;
				CLANG_ANALYZER_NUMBER_OBJECT_CONVERSION = YES_AGGRESSIVE;
				CLANG_CXX_LANGUAGE_STANDARD = "gnu++14";
				CLANG_CXX_LIBRARY = "libc++";
				CLANG_ENABLE_MODULES = YES;
				CLANG_ENABLE_OBJC_ARC = YES;
				CLANG_ENABLE_OBJC_WEAK = YES;
				CLANG_WARN_BLOCK_CAPTURE_AUTORELEASING = YES;
				CLANG_WARN_BOOL_CONVERSION = YES;
				CLANG_WARN_COMMA = YES;
				CLANG_WARN_CONSTANT_CONVERSION = YES;
				CLANG_WARN_DEPRECATED_OBJC_IMPLEMENTATIONS = YES;
				CLANG_WARN_DIRECT_OBJC_ISA_USAGE = YES_ERROR;
				CLANG_WARN_DOCUMENTATION_COMMENTS = YES;
				CLANG_WARN_EMPTY_BODY = YES;
				CLANG_WARN_ENUM_CONVERSION = YES;
				CLANG_WARN_INFINITE_RECURSION = YES;
				CLANG_WARN_INT_CONVERSION = YES;
				CLANG_WARN_NON_LITERAL_NULL_CONVERSION = YES;
				CLANG_WARN_OBJC_IMPLICIT_RETAIN_SELF = YES;
				CLANG_WARN_OBJC_LITERAL_CONVERSION = YES;
				CLANG_WARN_OBJC_ROOT_CLASS = YES_ERROR;
				CLANG_WARN_QUOTED_INCLUDE_IN_FRAMEWORK_HEADER = YES;
				CLANG_WARN_RANGE_LOOP_ANALYSIS = YES;
				CLANG_WARN_STRICT_PROTOTYPES = YES;
				CLANG_WARN_SUSPICIOUS_MOVE = YES;
				CLANG_WARN_UNGUARDED_AVAILABILITY = YES_AGGRESSIVE;
				CLANG_WARN_UNREACHABLE_CODE = YES;
				CLANG_WARN__DUPLICATE_METHOD_MATCH = YES;
				COPY_PHASE_STRIP = NO;
				CURRENT_PROJECT_VERSION = 1;
				DEBUG_INFORMATION_FORMAT = dwarf;
				ENABLE_STRICT_OBJC_MSGSEND = YES;
				ENABLE_TESTABILITY = YES;
				GCC_C_LANGUAGE_STANDARD = gnu11;
				GCC_DYNAMIC_NO_PIC = NO;
				GCC_NO_COMMON_BLOCKS = YES;
				GCC_OPTIMIZATION_LEVEL = 0;
				GCC_PREPROCESSOR_DEFINITIONS = (
					"$(inherited)",
					"DEBUG=1",
				);
				GCC_WARN_64_TO_32_BIT_CONVERSION = YES;
				GCC_WARN_ABOUT_RETURN_TYPE = YES_ERROR;
				GCC_WARN_UNDECLARED_SELECTOR = YES;
				GCC_WARN_UNINITIALIZED_AUTOS = YES_AGGRESSIVE;
				GCC_WARN_UNUSED_FUNCTION = YES;
				GCC_WARN_UNUSED_VARIABLE = YES;
				IPHONEOS_DEPLOYMENT_TARGET = 17.3;
				MARKETING_VERSION = 1.0.0;
				MTL_ENABLE_DEBUG_INFO = INCLUDE_SOURCE;
				MTL_FAST_MATH = YES;
				ONLY_ACTIVE_ARCH = YES;
				PRODUCT_NAME = "$(TARGET_NAME)";
				SDKROOT = iphoneos;
				SWIFT_ACTIVE_COMPILATION_CONDITIONS = DEBUG;
				SWIFT_ENABLE_BARE_SLASH_REGEX = YES;
				SWIFT_OPTIMIZATION_LEVEL = "-Onone";
				SWIFT_VERSION = 5.9;
			};
			name = Debug;
		};
/* End XCBuildConfiguration section */

/* Begin XCConfigurationList section */
		B3FD05C59F197F398A0B04AB /* Build configuration list for PBXProject "App" */ = {
			isa = XCConfigurationList;
			buildConfigurations = (
				F61063B78755D98B1B9C3697 /* Debug */,
				5C9EF0E6AF4F9491454DE177 /* Release */,
			);
			defaultConfigurationIsVisible = 0;
			defaultConfigurationName = Debug;
		};
		FFC1863BD4026D2C17CBE82B /* Build configuration list for PBXNativeTarget "App" */ = {
			isa = XCConfigurationList;
			buildConfigurations = (
				4A0C935808978B5A7673E412 /* Debug */,
				EB1CC3A930E09FEBECF9195D /* Release */,
			);
			defaultConfigurationIsVisible = 0;
			defaultConfigurationName = Debug;
		};
/* End XCConfigurationList section */

/* Begin XCRemoteSwiftPackageReference section */
		09403CDB0697C66D333BF533 /* XCRemoteSwiftPackageReference "parra-ios-sdk" */ = {
			isa = XCRemoteSwiftPackageReference;
			repositoryURL = "https://github.com/Parra-Inc/parra-ios-sdk";
			requirement = {
				kind = upToNextMinorVersion;
				minimumVersion = 0.1.15;
			};
		};
/* End XCRemoteSwiftPackageReference section */

/* Begin XCSwiftPackageProductDependency section */
		891A4F58AEAA67EE71B01F3D /* Parra */ = {
			isa = XCSwiftPackageProductDependency;
			package = 09403CDB0697C66D333BF533 /* XCRemoteSwiftPackageReference "parra-ios-sdk" */;
			productName = Parra;
		};
/* End XCSwiftPackageProductDependency section */
	};
	rootObject = 6B590BF25178DC7D824D09CE /* Project object */;
}
