{
  "originHash" : "14a100755499bb4c2b19e345aa7f86bd0465615f1f300ffd1cd6132fdcc86a22",
  "pins" : [
    {
      "identity" : "checkout-sheet-kit-swift",
      "kind" : "remoteSourceControl",
      "location" : "https://github.com/Shopify/checkout-sheet-kit-swift",
      "state" : {
        "revision" : "822ee10c62fec7774ce3447c5e350151df9aed1d",
        "version" : "3.0.4"
      }
    },
    {
      "identity" : "mobile-buy-sdk-ios",
      "kind" : "remoteSourceControl",
      "location" : "https://github.com/Shopify/mobile-buy-sdk-ios",
      "state" : {
        "revision" : "a6a63afe39a1b52f86e7117dd307911e1702a7b5",
        "version" : "13.1.0"
      }
    },
    {
      "identity" : "swifthtmltomarkdown",
      "kind" : "remoteSourceControl",
      "location" : "https://github.com/chrisjenkins/SwiftHTMLToMarkdown",
      "state" : {
        "revision" : "fde77a95686329f2382f54af1955a8d781377059"
      }
    },
    {
      "identity" : "swiftsoup",
      "kind" : "remoteSourceControl",
      "location" : "https://github.com/scinfu/SwiftSoup.git",
      "state" : {
        "revision" : "6b4930da67b462d3f200472c902dd016d37a554d",
        "version" : "2.7.7"
      }
    }
  ],
  "version" : 3
}
