// !$*UTF8*$!
{
	archiveVersion = 1;
	classes = {
	};
	objectVersion = 54;
	objects = {

/* Begin PBXBuildFile section */
		079D30DD0A032BB44C1B925A /* ReviewAppCell.swift in Sources */ = {isa = PBXBuildFile; fileRef = 4CA7669B166F001FF7FDAA44 /* ReviewAppCell.swift */; };
		1D59CEFDB3A3A7EE465BC45D /* Parra in Frameworks */ = {isa = PBXBuildFile; productRef = 921495FEF04989E8E2CDD817 /* Parra */; };
		1EE5C9DA6E8E754843072FB8 /* ShareCell.swift in Sources */ = {isa = PBXBuildFile; fileRef = 8974885155347C6AE7EC17E0 /* ShareCell.swift */; };
		2A8AFE60055E4F673C27A3AC /* DeleteAccountCell.swift in Sources */ = {isa = PBXBuildFile; fileRef = CA8DEDEDA62343A09FA43263 /* DeleteAccountCell.swift */; };
		36C8D8D58C76D57FB9AD33E6 /* FeedbackCell.swift in Sources */ = {isa = PBXBuildFile; fileRef = 3A9991FA86FFA6584F2B8D9B /* FeedbackCell.swift */; };
		37C51998E102D45877BC7C5B /* ContentView.swift in Sources */ = {isa = PBXBuildFile; fileRef = E3136165D833B9A58AEF3A2C /* ContentView.swift */; };
		4EA672A4ED2166021CDB07FA /* RoadmapCell.swift in Sources */ = {isa = PBXBuildFile; fileRef = 8EED536F34DC0C0039BE7533 /* RoadmapCell.swift */; };
		5D8680920779CCD9668EE54E /* EditProfileView.swift in Sources */ = {isa = PBXBuildFile; fileRef = C7E167EC63B598C9FC13593F /* EditProfileView.swift */; };
		61BE87C44C70EDAC14C5EFDD /* AccountHeader.swift in Sources */ = {isa = PBXBuildFile; fileRef = 413C0E1F6059108AB6658A2C /* AccountHeader.swift */; };
		7A79580426EBD12AAC59C76D /* AccountView.swift in Sources */ = {isa = PBXBuildFile; fileRef = 45555D93836503142EEF5524 /* AccountView.swift */; };
		7A926056A8D547B01028C38E /* LogoutCell.swift in Sources */ = {isa = PBXBuildFile; fileRef = 53E5051A151D30FA67A00274 /* LogoutCell.swift */; };
		A05728710E9E5B8F5F76852C /* SampleTab.swift in Sources */ = {isa = PBXBuildFile; fileRef = 679B3B09B6054F60805C3612 /* SampleTab.swift */; };
		AAFCB7E02A613139203EC056 /* ChangelogCell.swift in Sources */ = {isa = PBXBuildFile; fileRef = 9135093FE34FABCB035A88D1 /* ChangelogCell.swift */; };
		C01001A7956B2659FD84CD3D /* App.swift in Sources */ = {isa = PBXBuildFile; fileRef = 6A31AB57302562D7004B3E2E /* App.swift */; };
		CF4A72B437FE094E81A1B542 /* Assets.xcassets in Resources */ = {isa = PBXBuildFile; fileRef = 9D6FD5DA6300185ADF0F2263 /* Assets.xcassets */; };
		D53D59F75FD48B439F69791A /* ThemeCell.swift in Sources */ = {isa = PBXBuildFile; fileRef = 1134A5FE14CD2823DB7E08F5 /* ThemeCell.swift */; };
		D664D644EE4A078ECB84B059 /* SettingsFooter.swift in Sources */ = {isa = PBXBuildFile; fileRef = 358387095818310D6D65C019 /* SettingsFooter.swift */; };
		EF644605C3C4CD9F13A10DD3 /* SettingsTab.swift in Sources */ = {isa = PBXBuildFile; fileRef = CE9E4090DC6757AB033C0328 /* SettingsTab.swift */; };
		F51F9DE58FC0EFC059B03FC1 /* ProfileCell.swift in Sources */ = {isa = PBXBuildFile; fileRef = 288DEB20ABF100C79524336F /* ProfileCell.swift */; };
		F631612631CE2A783D835DA3 /* ChangePasswordCell.swift in Sources */ = {isa = PBXBuildFile; fileRef = C0C29AE6980F9D68289331F6 /* ChangePasswordCell.swift */; };
		FDA81653DCEBE9C3BA7D2464 /* LatestReleaseCell.swift in Sources */ = {isa = PBXBuildFile; fileRef = 87D17804A90CF3796A9B2D61 /* LatestReleaseCell.swift */; };
/* End PBXBuildFile section */

/* Begin PBXFileReference section */
		1134A5FE14CD2823DB7E08F5 /* ThemeCell.swift */ = {isa = PBXFileReference; lastKnownFileType = sourcecode.swift; path = ThemeCell.swift; sourceTree = "<group>"; };
		288DEB20ABF100C79524336F /* ProfileCell.swift */ = {isa = PBXFileReference; lastKnownFileType = sourcecode.swift; path = ProfileCell.swift; sourceTree = "<group>"; };
		358387095818310D6D65C019 /* SettingsFooter.swift */ = {isa = PBXFileReference; lastKnownFileType = sourcecode.swift; path = SettingsFooter.swift; sourceTree = "<group>"; };
		3A9991FA86FFA6584F2B8D9B /* FeedbackCell.swift */ = {isa = PBXFileReference; lastKnownFileType = sourcecode.swift; path = FeedbackCell.swift; sourceTree = "<group>"; };
		413C0E1F6059108AB6658A2C /* AccountHeader.swift */ = {isa = PBXFileReference; lastKnownFileType = sourcecode.swift; path = AccountHeader.swift; sourceTree = "<group>"; };
		45555D93836503142EEF5524 /* AccountView.swift */ = {isa = PBXFileReference; lastKnownFileType = sourcecode.swift; path = AccountView.swift; sourceTree = "<group>"; };
		4CA7669B166F001FF7FDAA44 /* ReviewAppCell.swift */ = {isa = PBXFileReference; lastKnownFileType = sourcecode.swift; path = ReviewAppCell.swift; sourceTree = "<group>"; };
		53E5051A151D30FA67A00274 /* LogoutCell.swift */ = {isa = PBXFileReference; lastKnownFileType = sourcecode.swift; path = LogoutCell.swift; sourceTree = "<group>"; };
		679B3B09B6054F60805C3612 /* SampleTab.swift */ = {isa = PBXFileReference; lastKnownFileType = sourcecode.swift; path = SampleTab.swift; sourceTree = "<group>"; };
		6A31AB57302562D7004B3E2E /* App.swift */ = {isa = PBXFileReference; lastKnownFileType = sourcecode.swift; path = App.swift; sourceTree = "<group>"; };
		87D17804A90CF3796A9B2D61 /* LatestReleaseCell.swift */ = {isa = PBXFileReference; lastKnownFileType = sourcecode.swift; path = LatestReleaseCell.swift; sourceTree = "<group>"; };
		8974885155347C6AE7EC17E0 /* ShareCell.swift */ = {isa = PBXFileReference; lastKnownFileType = sourcecode.swift; path = ShareCell.swift; sourceTree = "<group>"; };
		8EED536F34DC0C0039BE7533 /* RoadmapCell.swift */ = {isa = PBXFileReference; lastKnownFileType = sourcecode.swift; path = RoadmapCell.swift; sourceTree = "<group>"; };
		9135093FE34FABCB035A88D1 /* ChangelogCell.swift */ = {isa = PBXFileReference; lastKnownFileType = sourcecode.swift; path = ChangelogCell.swift; sourceTree = "<group>"; };
		9D6FD5DA6300185ADF0F2263 /* Assets.xcassets */ = {isa = PBXFileReference; lastKnownFileType = folder.assetcatalog; path = Assets.xcassets; sourceTree = "<group>"; };
		9F4D10E58735E55EABC3EDA4 /* Debug.entitlements */ = {isa = PBXFileReference; lastKnownFileType = text.plist.entitlements; path = Debug.entitlements; sourceTree = "<group>"; };
		C0C29AE6980F9D68289331F6 /* ChangePasswordCell.swift */ = {isa = PBXFileReference; lastKnownFileType = sourcecode.swift; path = ChangePasswordCell.swift; sourceTree = "<group>"; };
		C7E167EC63B598C9FC13593F /* EditProfileView.swift */ = {isa = PBXFileReference; lastKnownFileType = sourcecode.swift; path = EditProfileView.swift; sourceTree = "<group>"; };
		CA8DEDEDA62343A09FA43263 /* DeleteAccountCell.swift */ = {isa = PBXFileReference; lastKnownFileType = sourcecode.swift; path = DeleteAccountCell.swift; sourceTree = "<group>"; };
		CE9E4090DC6757AB033C0328 /* SettingsTab.swift */ = {isa = PBXFileReference; lastKnownFileType = sourcecode.swift; path = SettingsTab.swift; sourceTree = "<group>"; };
		E0FC6F7EFDB03B392F6228E1 /* ParraDemo.app */ = {isa = PBXFileReference; includeInIndex = 0; lastKnownFileType = wrapper.application; path = ParraDemo.app; sourceTree = BUILT_PRODUCTS_DIR; };
		E3136165D833B9A58AEF3A2C /* ContentView.swift */ = {isa = PBXFileReference; lastKnownFileType = sourcecode.swift; path = ContentView.swift; sourceTree = "<group>"; };
		E8C0281F47213B4A1A7A5C47 /* Release.entitlements */ = {isa = PBXFileReference; lastKnownFileType = text.plist.entitlements; path = Release.entitlements; sourceTree = "<group>"; };
		FF6759ADCA2ECE32135C4593 /* Info.plist */ = {isa = PBXFileReference; lastKnownFileType = text.plist; path = Info.plist; sourceTree = "<group>"; };
/* End PBXFileReference section */

/* Begin PBXFrameworksBuildPhase section */
		993300D19DF24F2F0B22B020 /* Frameworks */ = {
			isa = PBXFrameworksBuildPhase;
			buildActionMask = 2147483647;
			files = (
				1D59CEFDB3A3A7EE465BC45D /* Parra in Frameworks */,
			);
			runOnlyForDeploymentPostprocessing = 0;
		};
/* End PBXFrameworksBuildPhase section */

/* Begin PBXGroup section */
		13D927BB19AB81223A2E2DB1 /* Cells */ = {
			isa = PBXGroup;
			children = (
				9135093FE34FABCB035A88D1 /* ChangelogCell.swift */,
				3A9991FA86FFA6584F2B8D9B /* FeedbackCell.swift */,
				87D17804A90CF3796A9B2D61 /* LatestReleaseCell.swift */,
				288DEB20ABF100C79524336F /* ProfileCell.swift */,
				4CA7669B166F001FF7FDAA44 /* ReviewAppCell.swift */,
				8EED536F34DC0C0039BE7533 /* RoadmapCell.swift */,
				8974885155347C6AE7EC17E0 /* ShareCell.swift */,
				1134A5FE14CD2823DB7E08F5 /* ThemeCell.swift */,
			);
			path = Cells;
			sourceTree = "<group>";
		};
		464BE92488E63E76D1954977 = {
			isa = PBXGroup;
			children = (
				F804827A5D37E8AB62227EF1 /* ParraDemo */,
				62EF6BB729274E8FB2A8CBAE /* Products */,
			);
			sourceTree = "<group>";
		};
		62EF6BB729274E8FB2A8CBAE /* Products */ = {
			isa = PBXGroup;
			children = (
				E0FC6F7EFDB03B392F6228E1 /* ParraDemo.app */,
			);
			name = Products;
			sourceTree = "<group>";
		};
		75A97CA2FDBA447BE04E6556 /* Settings Tab */ = {
			isa = PBXGroup;
			children = (
				358387095818310D6D65C019 /* SettingsFooter.swift */,
				CE9E4090DC6757AB033C0328 /* SettingsTab.swift */,
				F7706E0E8080F3FB71D41339 /* Account Screen */,
				13D927BB19AB81223A2E2DB1 /* Cells */,
				E9465C9353FD24C459E4FAF6 /* Edit Profile Screen */,
			);
			path = "Settings Tab";
			sourceTree = "<group>";
		};
		E9465C9353FD24C459E4FAF6 /* Edit Profile Screen */ = {
			isa = PBXGroup;
			children = (
				C7E167EC63B598C9FC13593F /* EditProfileView.swift */,
			);
			path = "Edit Profile Screen";
			sourceTree = "<group>";
		};
		F7706E0E8080F3FB71D41339 /* Account Screen */ = {
			isa = PBXGroup;
			children = (
				413C0E1F6059108AB6658A2C /* AccountHeader.swift */,
				45555D93836503142EEF5524 /* AccountView.swift */,
				C0C29AE6980F9D68289331F6 /* ChangePasswordCell.swift */,
				CA8DEDEDA62343A09FA43263 /* DeleteAccountCell.swift */,
				53E5051A151D30FA67A00274 /* LogoutCell.swift */,
			);
			path = "Account Screen";
			sourceTree = "<group>";
		};
		F804827A5D37E8AB62227EF1 /* ParraDemo */ = {
			isa = PBXGroup;
			children = (
				6A31AB57302562D7004B3E2E /* App.swift */,
				9D6FD5DA6300185ADF0F2263 /* Assets.xcassets */,
				E3136165D833B9A58AEF3A2C /* ContentView.swift */,
				9F4D10E58735E55EABC3EDA4 /* Debug.entitlements */,
				FF6759ADCA2ECE32135C4593 /* Info.plist */,
				E8C0281F47213B4A1A7A5C47 /* Release.entitlements */,
				679B3B09B6054F60805C3612 /* SampleTab.swift */,
				75A97CA2FDBA447BE04E6556 /* Settings Tab */,
			);
			path = ParraDemo;
			sourceTree = "<group>";
		};
/* End PBXGroup section */

/* Begin PBXNativeTarget section */
		C6F8FBFC6CB3ECC9DB55E0BA /* ParraDemo */ = {
			isa = PBXNativeTarget;
			buildConfigurationList = 4AE7B3B16AD0B5CBD908E480 /* Build configuration list for PBXNativeTarget "ParraDemo" */;
			buildPhases = (
				837CFA78AF626E8BC53B7FF6 /* Sources */,
				F96461E576ECC485ECE776EE /* Resources */,
				993300D19DF24F2F0B22B020 /* Frameworks */,
			);
			buildRules = (
			);
			dependencies = (
			);
			name = ParraDemo;
			packageProductDependencies = (
				921495FEF04989E8E2CDD817 /* Parra */,
			);
			productName = ParraDemo;
			productReference = E0FC6F7EFDB03B392F6228E1 /* ParraDemo.app */;
			productType = "com.apple.product-type.application";
		};
/* End PBXNativeTarget section */

/* Begin PBXProject section */
		1399BE6E51FB309F26D8E6D7 /* Project object */ = {
			isa = PBXProject;
			attributes = {
				BuildIndependentTargetsInParallel = YES;
				LastUpgradeCheck = 1430;
				TargetAttributes = {
					C6F8FBFC6CB3ECC9DB55E0BA = {
						DevelopmentTeam = 6D44Q764PG;
						ProvisioningStyle = Automatic;
					};
				};
			};
			buildConfigurationList = BDDE64154A027DBC35CE196F /* Build configuration list for PBXProject "ParraDemo" */;
			compatibilityVersion = "Xcode 14.0";
			developmentRegion = en;
			hasScannedForEncodings = 0;
			knownRegions = (
				Base,
				en,
			);
			mainGroup = 464BE92488E63E76D1954977;
			packageReferences = (
				E0267D2E3469B61D724F542F /* XCRemoteSwiftPackageReference "parra-mobile-sdks" */,
			);
			projectDirPath = "";
			projectRoot = "";
			targets = (
				C6F8FBFC6CB3ECC9DB55E0BA /* ParraDemo */,
			);
		};
/* End PBXProject section */

/* Begin PBXResourcesBuildPhase section */
		F96461E576ECC485ECE776EE /* Resources */ = {
			isa = PBXResourcesBuildPhase;
			buildActionMask = 2147483647;
			files = (
				CF4A72B437FE094E81A1B542 /* Assets.xcassets in Resources */,
			);
			runOnlyForDeploymentPostprocessing = 0;
		};
/* End PBXResourcesBuildPhase section */

/* Begin PBXSourcesBuildPhase section */
		837CFA78AF626E8BC53B7FF6 /* Sources */ = {
			isa = PBXSourcesBuildPhase;
			buildActionMask = 2147483647;
			files = (
				61BE87C44C70EDAC14C5EFDD /* AccountHeader.swift in Sources */,
				7A79580426EBD12AAC59C76D /* AccountView.swift in Sources */,
				C01001A7956B2659FD84CD3D /* App.swift in Sources */,
				F631612631CE2A783D835DA3 /* ChangePasswordCell.swift in Sources */,
				AAFCB7E02A613139203EC056 /* ChangelogCell.swift in Sources */,
				37C51998E102D45877BC7C5B /* ContentView.swift in Sources */,
				2A8AFE60055E4F673C27A3AC /* DeleteAccountCell.swift in Sources */,
				5D8680920779CCD9668EE54E /* EditProfileView.swift in Sources */,
				36C8D8D58C76D57FB9AD33E6 /* FeedbackCell.swift in Sources */,
				FDA81653DCEBE9C3BA7D2464 /* LatestReleaseCell.swift in Sources */,
				7A926056A8D547B01028C38E /* LogoutCell.swift in Sources */,
				F51F9DE58FC0EFC059B03FC1 /* ProfileCell.swift in Sources */,
				079D30DD0A032BB44C1B925A /* ReviewAppCell.swift in Sources */,
				4EA672A4ED2166021CDB07FA /* RoadmapCell.swift in Sources */,
				A05728710E9E5B8F5F76852C /* SampleTab.swift in Sources */,
				D664D644EE4A078ECB84B059 /* SettingsFooter.swift in Sources */,
				EF644605C3C4CD9F13A10DD3 /* SettingsTab.swift in Sources */,
				1EE5C9DA6E8E754843072FB8 /* ShareCell.swift in Sources */,
				D53D59F75FD48B439F69791A /* ThemeCell.swift in Sources */,
			);
			runOnlyForDeploymentPostprocessing = 0;
		};
/* End PBXSourcesBuildPhase section */

/* Begin XCBuildConfiguration section */
		215207742A9A0AD11C22D1DE /* Release */ = {
			isa = XCBuildConfiguration;
			buildSettings = {
				ASSETCATALOG_COMPILER_APPICON_NAME = AppIcon;
				CODE_SIGNING_ALLOWED = YES;
				CODE_SIGNING_REQUIRED = YES;
				CODE_SIGN_ENTITLEMENTS = ParraDemo/Release.entitlements;
				CODE_SIGN_IDENTITY = "Apple Development";
				CODE_SIGN_STYLE = Automatic;
				CURRENT_PROJECT_VERSION = 1;
				DEVELOPMENT_TEAM = 6D44Q764PG;
				ENABLE_USER_SCRIPT_SANDBOXING = YES;
				INFOPLIST_FILE = ParraDemo/Info.plist;
				IPHONEOS_DEPLOYMENT_TARGET = 17.0;
				LD_RUNPATH_SEARCH_PATHS = (
					"$(inherited)",
					"@executable_path/Frameworks",
				);
				MARKETING_VERSION = 1.0.0;
				PRODUCT_BUNDLE_IDENTIFIER = "com.parra.parra-ios-client";
				PROVISIONING_PROFILE_SPECIFIER = "";
				SDKROOT = iphoneos;
				SWIFT_ENABLE_BARE_SLASH_REGEX = YES;
				SWIFT_VERSION = 5.9;
				TARGETED_DEVICE_FAMILY = "1,2";
			};
			name = Release;
		};
		23773CA949A1D8846914D1A9 /* Release */ = {
			isa = XCBuildConfiguration;
			buildSettings = {
				ALWAYS_SEARCH_USER_PATHS = NO;
				CLANG_ANALYZER_NONNULL = YES;
				CLANG_ANALYZER_NUMBER_OBJECT_CONVERSION = YES_AGGRESSIVE;
				CLANG_CXX_LANGUAGE_STANDARD = "gnu++14";
				CLANG_CXX_LIBRARY = "libc++";
				CLANG_ENABLE_MODULES = YES;
				CLANG_ENABLE_OBJC_ARC = YES;
				CLANG_ENABLE_OBJC_WEAK = YES;
				CLANG_WARN_BLOCK_CAPTURE_AUTORELEASING = YES;
				CLANG_WARN_BOOL_CONVERSION = YES;
				CLANG_WARN_COMMA = YES;
				CLANG_WARN_CONSTANT_CONVERSION = YES;
				CLANG_WARN_DEPRECATED_OBJC_IMPLEMENTATIONS = YES;
				CLANG_WARN_DIRECT_OBJC_ISA_USAGE = YES_ERROR;
				CLANG_WARN_DOCUMENTATION_COMMENTS = YES;
				CLANG_WARN_EMPTY_BODY = YES;
				CLANG_WARN_ENUM_CONVERSION = YES;
				CLANG_WARN_INFINITE_RECURSION = YES;
				CLANG_WARN_INT_CONVERSION = YES;
				CLANG_WARN_NON_LITERAL_NULL_CONVERSION = YES;
				CLANG_WARN_OBJC_IMPLICIT_RETAIN_SELF = YES;
				CLANG_WARN_OBJC_LITERAL_CONVERSION = YES;
				CLANG_WARN_OBJC_ROOT_CLASS = YES_ERROR;
				CLANG_WARN_QUOTED_INCLUDE_IN_FRAMEWORK_HEADER = YES;
				CLANG_WARN_RANGE_LOOP_ANALYSIS = YES;
				CLANG_WARN_STRICT_PROTOTYPES = YES;
				CLANG_WARN_SUSPICIOUS_MOVE = YES;
				CLANG_WARN_UNGUARDED_AVAILABILITY = YES_AGGRESSIVE;
				CLANG_WARN_UNREACHABLE_CODE = YES;
				CLANG_WARN__DUPLICATE_METHOD_MATCH = YES;
				COPY_PHASE_STRIP = NO;
				DEBUG_INFORMATION_FORMAT = "dwarf-with-dsym";
				ENABLE_NS_ASSERTIONS = NO;
				ENABLE_STRICT_OBJC_MSGSEND = YES;
				GCC_C_LANGUAGE_STANDARD = gnu11;
				GCC_NO_COMMON_BLOCKS = YES;
				GCC_WARN_64_TO_32_BIT_CONVERSION = YES;
				GCC_WARN_ABOUT_RETURN_TYPE = YES_ERROR;
				GCC_WARN_UNDECLARED_SELECTOR = YES;
				GCC_WARN_UNINITIALIZED_AUTOS = YES_AGGRESSIVE;
				GCC_WARN_UNUSED_FUNCTION = YES;
				GCC_WARN_UNUSED_VARIABLE = YES;
				IPHONEOS_DEPLOYMENT_TARGET = 17.0;
				MTL_ENABLE_DEBUG_INFO = NO;
				MTL_FAST_MATH = YES;
				PRODUCT_NAME = "$(TARGET_NAME)";
				SDKROOT = iphoneos;
				SWIFT_COMPILATION_MODE = wholemodule;
				SWIFT_OPTIMIZATION_LEVEL = "-O";
				SWIFT_VERSION = 5.0;
			};
			name = Release;
		};
		4ADFF767C2D01A060967C010 /* Debug */ = {
			isa = XCBuildConfiguration;
			buildSettings = {
				ASSETCATALOG_COMPILER_APPICON_NAME = AppIcon;
				CODE_SIGNING_ALLOWED = YES;
				CODE_SIGNING_REQUIRED = YES;
				CODE_SIGN_ENTITLEMENTS = ParraDemo/Debug.entitlements;
				CODE_SIGN_IDENTITY = "Apple Development";
				CODE_SIGN_STYLE = Automatic;
				CURRENT_PROJECT_VERSION = 1;
				DEVELOPMENT_TEAM = 6D44Q764PG;
				ENABLE_USER_SCRIPT_SANDBOXING = YES;
				INFOPLIST_FILE = ParraDemo/Info.plist;
				IPHONEOS_DEPLOYMENT_TARGET = 17.0;
				LD_RUNPATH_SEARCH_PATHS = (
					"$(inherited)",
					"@executable_path/Frameworks",
				);
				MARKETING_VERSION = 1.0.0;
				PRODUCT_BUNDLE_IDENTIFIER = "com.parra.parra-ios-client";
				PROVISIONING_PROFILE_SPECIFIER = "";
				SDKROOT = iphoneos;
				SWIFT_ENABLE_BARE_SLASH_REGEX = YES;
				SWIFT_VERSION = 5.9;
				TARGETED_DEVICE_FAMILY = "1,2";
			};
			name = Debug;
		};
		CC341413715C1C47E094C5FF /* Debug */ = {
			isa = XCBuildConfiguration;
			buildSettings = {
				ALWAYS_SEARCH_USER_PATHS = NO;
				CLANG_ANALYZER_NONNULL = YES;
				CLANG_ANALYZER_NUMBER_OBJECT_CONVERSION = YES_AGGRESSIVE;
				CLANG_CXX_LANGUAGE_STANDARD = "gnu++14";
				CLANG_CXX_LIBRARY = "libc++";
				CLANG_ENABLE_MODULES = YES;
				CLANG_ENABLE_OBJC_ARC = YES;
				CLANG_ENABLE_OBJC_WEAK = YES;
				CLANG_WARN_BLOCK_CAPTURE_AUTORELEASING = YES;
				CLANG_WARN_BOOL_CONVERSION = YES;
				CLANG_WARN_COMMA = YES;
				CLANG_WARN_CONSTANT_CONVERSION = YES;
				CLANG_WARN_DEPRECATED_OBJC_IMPLEMENTATIONS = YES;
				CLANG_WARN_DIRECT_OBJC_ISA_USAGE = YES_ERROR;
				CLANG_WARN_DOCUMENTATION_COMMENTS = YES;
				CLANG_WARN_EMPTY_BODY = YES;
				CLANG_WARN_ENUM_CONVERSION = YES;
				CLANG_WARN_INFINITE_RECURSION = YES;
				CLANG_WARN_INT_CONVERSION = YES;
				CLANG_WARN_NON_LITERAL_NULL_CONVERSION = YES;
				CLANG_WARN_OBJC_IMPLICIT_RETAIN_SELF = YES;
				CLANG_WARN_OBJC_LITERAL_CONVERSION = YES;
				CLANG_WARN_OBJC_ROOT_CLASS = YES_ERROR;
				CLANG_WARN_QUOTED_INCLUDE_IN_FRAMEWORK_HEADER = YES;
				CLANG_WARN_RANGE_LOOP_ANALYSIS = YES;
				CLANG_WARN_STRICT_PROTOTYPES = YES;
				CLANG_WARN_SUSPICIOUS_MOVE = YES;
				CLANG_WARN_UNGUARDED_AVAILABILITY = YES_AGGRESSIVE;
				CLANG_WARN_UNREACHABLE_CODE = YES;
				CLANG_WARN__DUPLICATE_METHOD_MATCH = YES;
				COPY_PHASE_STRIP = NO;
				DEBUG_INFORMATION_FORMAT = dwarf;
				ENABLE_STRICT_OBJC_MSGSEND = YES;
				ENABLE_TESTABILITY = YES;
				GCC_C_LANGUAGE_STANDARD = gnu11;
				GCC_DYNAMIC_NO_PIC = NO;
				GCC_NO_COMMON_BLOCKS = YES;
				GCC_OPTIMIZATION_LEVEL = 0;
				GCC_PREPROCESSOR_DEFINITIONS = (
					"$(inherited)",
					"DEBUG=1",
				);
				GCC_WARN_64_TO_32_BIT_CONVERSION = YES;
				GCC_WARN_ABOUT_RETURN_TYPE = YES_ERROR;
				GCC_WARN_UNDECLARED_SELECTOR = YES;
				GCC_WARN_UNINITIALIZED_AUTOS = YES_AGGRESSIVE;
				GCC_WARN_UNUSED_FUNCTION = YES;
				GCC_WARN_UNUSED_VARIABLE = YES;
				IPHONEOS_DEPLOYMENT_TARGET = 17.0;
				MTL_ENABLE_DEBUG_INFO = INCLUDE_SOURCE;
				MTL_FAST_MATH = YES;
				ONLY_ACTIVE_ARCH = YES;
				PRODUCT_NAME = "$(TARGET_NAME)";
				SDKROOT = iphoneos;
				SWIFT_ACTIVE_COMPILATION_CONDITIONS = DEBUG;
				SWIFT_OPTIMIZATION_LEVEL = "-Onone";
				SWIFT_VERSION = 5.0;
			};
			name = Debug;
		};
/* End XCBuildConfiguration section */

/* Begin XCConfigurationList section */
		4AE7B3B16AD0B5CBD908E480 /* Build configuration list for PBXNativeTarget "ParraDemo" */ = {
			isa = XCConfigurationList;
			buildConfigurations = (
				4ADFF767C2D01A060967C010 /* Debug */,
				215207742A9A0AD11C22D1DE /* Release */,
			);
			defaultConfigurationIsVisible = 0;
			defaultConfigurationName = Debug;
		};
		BDDE64154A027DBC35CE196F /* Build configuration list for PBXProject "ParraDemo" */ = {
			isa = XCConfigurationList;
			buildConfigurations = (
				CC341413715C1C47E094C5FF /* Debug */,
				23773CA949A1D8846914D1A9 /* Release */,
			);
			defaultConfigurationIsVisible = 0;
			defaultConfigurationName = Debug;
		};
/* End XCConfigurationList section */

/* Begin XCRemoteSwiftPackageReference section */
		E0267D2E3469B61D724F542F /* XCRemoteSwiftPackageReference "parra-mobile-sdks" */ = {
			isa = XCRemoteSwiftPackageReference;
			repositoryURL = "https://github.com/Parra-Inc/parra-mobile-sdks";
			requirement = {
				kind = upToNextMinorVersion;
				minimumVersion = 0.1.56;
			};
		};
/* End XCRemoteSwiftPackageReference section */

/* Begin XCSwiftPackageProductDependency section */
		921495FEF04989E8E2CDD817 /* Parra */ = {
			isa = XCSwiftPackageProductDependency;
			package = E0267D2E3469B61D724F542F /* XCRemoteSwiftPackageReference "parra-mobile-sdks" */;
			productName = Parra;
		};
/* End XCSwiftPackageProductDependency section */
	};
	rootObject = 1399BE6E51FB309F26D8E6D7 /* Project object */;
}
