// !$*UTF8*$!
{
	archiveVersion = 1;
	classes = {
	};
	objectVersion = 55;
	objects = {

/* Begin PBXBuildFile section */
		00120EF3274D1EEE00CA3247 /* UIColor.swift in Sources */ = {isa = PBXBuildFile; fileRef = 00120EF2274D1EEE00CA3247 /* UIColor.swift */; };
		00120EF9274D9CFC00CA3247 /* ParraFeedbackView.swift in Sources */ = {isa = PBXBuildFile; fileRef = 00120EF8274D9CFC00CA3247 /* ParraFeedbackView.swift */; };
		00120EFB274DC98400CA3247 /* ParraActionCardView.swift in Sources */ = {isa = PBXBuildFile; fileRef = 00120EFA274DC98400CA3247 /* ParraActionCardView.swift */; };
		00120EFE2753E8BF00CA3247 /* ParraCardView.swift in Sources */ = {isa = PBXBuildFile; fileRef = 00120EFD2753E8BF00CA3247 /* ParraCardView.swift */; };
		00120F012753E9A400CA3247 /* ParraFeedback+Types.swift in Sources */ = {isa = PBXBuildFile; fileRef = 00120F002753E9A400CA3247 /* ParraFeedback+Types.swift */; };
		00120F0527543CB800CA3247 /* ParraChoiceOptionView.swift in Sources */ = {isa = PBXBuildFile; fileRef = 00120F0427543CB800CA3247 /* ParraChoiceOptionView.swift */; };
		001286EF277D27BC0090CDB5 /* ParraRadioButton.swift in Sources */ = {isa = PBXBuildFile; fileRef = 001286EE277D27BC0090CDB5 /* ParraRadioButton.swift */; };
		001286F1277D4BB20090CDB5 /* ParraCheckboxButton.swift in Sources */ = {isa = PBXBuildFile; fileRef = 001286F0277D4BB20090CDB5 /* ParraCheckboxButton.swift */; };
		001286F4277D53AE0090CDB5 /* SelectableButton.swift in Sources */ = {isa = PBXBuildFile; fileRef = 001286F3277D53AE0090CDB5 /* SelectableButton.swift */; };
		001286F6277D54480090CDB5 /* CAShapeLayer.swift in Sources */ = {isa = PBXBuildFile; fileRef = 001286F5277D54480090CDB5 /* CAShapeLayer.swift */; };
		001286F9277F50B30090CDB5 /* ParraChoiceData.swift in Sources */ = {isa = PBXBuildFile; fileRef = 001286F8277F50B30090CDB5 /* ParraChoiceData.swift */; };
		001286FB277F51120090CDB5 /* ParraQuestionData.swift in Sources */ = {isa = PBXBuildFile; fileRef = 001286FA277F51120090CDB5 /* ParraQuestionData.swift */; };
		001286FD277FE2320090CDB5 /* Pacifico-Regular.ttf in Resources */ = {isa = PBXBuildFile; fileRef = 001286FC277FE2320090CDB5 /* Pacifico-Regular.ttf */; };
		001286FF277FE3180090CDB5 /* UIFont.swift in Sources */ = {isa = PBXBuildFile; fileRef = 001286FE277FE3180090CDB5 /* UIFont.swift */; };
		001287012780C0C70090CDB5 /* ParraFeedbackDataManager.swift in Sources */ = {isa = PBXBuildFile; fileRef = 001287002780C0C70090CDB5 /* ParraFeedbackDataManager.swift */; };
		001287032784CD0D0090CDB5 /* ParraStarButton.swift in Sources */ = {isa = PBXBuildFile; fileRef = 001287022784CD0D0090CDB5 /* ParraStarButton.swift */; };
		001287192784CDC20090CDB5 /* ParraFeedbackDataManagerTests.swift in Sources */ = {isa = PBXBuildFile; fileRef = 001287182784CDC20090CDB5 /* ParraFeedbackDataManagerTests.swift */; };
		0012871A2784CDC20090CDB5 /* ParraFeedback.framework in Frameworks */ = {isa = PBXBuildFile; fileRef = 003D2A68274C7798001E067E /* ParraFeedback.framework */; platformFilter = ios; };
		001287212784CF6C0090CDB5 /* SampleData.swift in Sources */ = {isa = PBXBuildFile; fileRef = 001287202784CF6C0090CDB5 /* SampleData.swift */; };
		0036D5E027CAC5460016DE97 /* ParraFeedback+Networking.swift in Sources */ = {isa = PBXBuildFile; fileRef = 0036D5DF27CAC5460016DE97 /* ParraFeedback+Networking.swift */; };
		0036D5E227CACA100016DE97 /* ParraFeedbackError.swift in Sources */ = {isa = PBXBuildFile; fileRef = 0036D5E127CACA100016DE97 /* ParraFeedbackError.swift */; };
		0036D5E427CB0EEA0016DE97 /* JSONEncoder.swift in Sources */ = {isa = PBXBuildFile; fileRef = 0036D5E327CB0EEA0016DE97 /* JSONEncoder.swift */; };
		0036D5E627CB0FBD0016DE97 /* JSONDecoder.swift in Sources */ = {isa = PBXBuildFile; fileRef = 0036D5E527CB0FBD0016DE97 /* JSONDecoder.swift */; };
		0036D5F127CD9BDA0016DE97 /* CredentialStorage.swift in Sources */ = {isa = PBXBuildFile; fileRef = 0036D5F027CD9BDA0016DE97 /* CredentialStorage.swift */; };
		0036D5F327CD9C2A0016DE97 /* PersistentStorage.swift in Sources */ = {isa = PBXBuildFile; fileRef = 0036D5F227CD9C2A0016DE97 /* PersistentStorage.swift */; };
		0036D5F527CD9E460016DE97 /* DataStorageMedium.swift in Sources */ = {isa = PBXBuildFile; fileRef = 0036D5F427CD9E460016DE97 /* DataStorageMedium.swift */; };
		0036D5F727CDB0040016DE97 /* FileSystemStorage.swift in Sources */ = {isa = PBXBuildFile; fileRef = 0036D5F627CDB0040016DE97 /* FileSystemStorage.swift */; };
		0036D5F927CDB0170016DE97 /* UserDefaultsStorage.swift in Sources */ = {isa = PBXBuildFile; fileRef = 0036D5F827CDB0170016DE97 /* UserDefaultsStorage.swift */; };
		0036D5FC27CEFA6E0016DE97 /* EventStorage.swift in Sources */ = {isa = PBXBuildFile; fileRef = 0036D5FB27CEFA6E0016DE97 /* EventStorage.swift */; };
		0036D5FE27CEFA840016DE97 /* CardStorage.swift in Sources */ = {isa = PBXBuildFile; fileRef = 0036D5FD27CEFA840016DE97 /* CardStorage.swift */; };
		0036D60027CEFB3A0016DE97 /* MemoryStorage.swift in Sources */ = {isa = PBXBuildFile; fileRef = 0036D5FF27CEFB3A0016DE97 /* MemoryStorage.swift */; };
		0036D60227CF0EA20016DE97 /* ParraFeedback+Authentication.swift in Sources */ = {isa = PBXBuildFile; fileRef = 0036D60127CF0EA20016DE97 /* ParraFeedback+Authentication.swift */; };
		0036D60427D0477C0016DE97 /* AnswerStorage.swift in Sources */ = {isa = PBXBuildFile; fileRef = 0036D60327D0477C0016DE97 /* AnswerStorage.swift */; };
		0036D60627D049EB0016DE97 /* ParraFeedbackDataManager+Keys.swift in Sources */ = {isa = PBXBuildFile; fileRef = 0036D60527D049EB0016DE97 /* ParraFeedbackDataManager+Keys.swift */; };
		0036D60827D051060016DE97 /* ParraFeedbackView+Transitions.swift in Sources */ = {isa = PBXBuildFile; fileRef = 0036D60727D051060016DE97 /* ParraFeedbackView+Transitions.swift */; };
		0036D60A27D051B20016DE97 /* ParraFeedbackView+Layout.swift in Sources */ = {isa = PBXBuildFile; fileRef = 0036D60927D051B20016DE97 /* ParraFeedbackView+Layout.swift */; };
		0036D60C27D053160016DE97 /* FileManager.swift in Sources */ = {isa = PBXBuildFile; fileRef = 0036D60B27D053160016DE97 /* FileManager.swift */; };
		0036D61027D2FA6A0016DE97 /* AnswerDataConvertible.swift in Sources */ = {isa = PBXBuildFile; fileRef = 0036D60F27D2FA6A0016DE97 /* AnswerDataConvertible.swift */; };
		0036D61227D30CA40016DE97 /* ParraFeedback+SyncEvents.swift in Sources */ = {isa = PBXBuildFile; fileRef = 0036D61127D30CA40016DE97 /* ParraFeedback+SyncEvents.swift */; };
		003D2A6B274C7798001E067E /* ParraFeedback.h in Headers */ = {isa = PBXBuildFile; fileRef = 003D2A6A274C7798001E067E /* ParraFeedback.h */; settings = {ATTRIBUTES = (Public, ); }; };
		003D2A6E274C7798001E067E /* ParraFeedback.framework in Frameworks */ = {isa = PBXBuildFile; fileRef = 003D2A68274C7798001E067E /* ParraFeedback.framework */; };
		003D2A6F274C7798001E067E /* ParraFeedback.framework in Embed Frameworks */ = {isa = PBXBuildFile; fileRef = 003D2A68274C7798001E067E /* ParraFeedback.framework */; settings = {ATTRIBUTES = (CodeSignOnCopy, RemoveHeadersOnCopy, ); }; };
		003D2A75274C77BD001E067E /* ParraFeedback.swift in Sources */ = {isa = PBXBuildFile; fileRef = 003D2A74274C77BD001E067E /* ParraFeedback.swift */; };
		003D2A78274C84A3001E067E /* ParraQuestionCardView.swift in Sources */ = {isa = PBXBuildFile; fileRef = 003D2A76274C84A3001E067E /* ParraQuestionCardView.swift */; };
		006148B42793A43C00829486 /* ParraFeedbackTests.swift in Sources */ = {isa = PBXBuildFile; fileRef = 006148B32793A43C00829486 /* ParraFeedbackTests.swift */; };
		007FBEF4277A34C700BD9E37 /* ParraFeedback+GeneratedTypes.swift in Sources */ = {isa = PBXBuildFile; fileRef = 007FBEF3277A34C700BD9E37 /* ParraFeedback+GeneratedTypes.swift */; };
		007FBEF6277A700200BD9E37 /* libswift_Concurrency.tbd in Frameworks */ = {isa = PBXBuildFile; fileRef = 007FBEF5277A700200BD9E37 /* libswift_Concurrency.tbd */; settings = {ATTRIBUTES = (Weak, ); }; };
		00D5155C27D4219900C4F2CC /* Assets.xcassets in Resources */ = {isa = PBXBuildFile; fileRef = 00D5155B27D4219900C4F2CC /* Assets.xcassets */; };
		00D5155E27D4223D00C4F2CC /* ParraFeedback+Constants.swift in Sources */ = {isa = PBXBuildFile; fileRef = 00D5155D27D4223D00C4F2CC /* ParraFeedback+Constants.swift */; };
		00D5156027D4238E00C4F2CC /* UIImage.swift in Sources */ = {isa = PBXBuildFile; fileRef = 00D5155F27D4238E00C4F2CC /* UIImage.swift */; };
		00DECFF9274C69F800DAF301 /* AppDelegate.swift in Sources */ = {isa = PBXBuildFile; fileRef = 00DECFF8274C69F800DAF301 /* AppDelegate.swift */; };
		00DECFFB274C69F800DAF301 /* SceneDelegate.swift in Sources */ = {isa = PBXBuildFile; fileRef = 00DECFFA274C69F800DAF301 /* SceneDelegate.swift */; };
		00DECFFD274C69F800DAF301 /* ViewController.swift in Sources */ = {isa = PBXBuildFile; fileRef = 00DECFFC274C69F800DAF301 /* ViewController.swift */; };
		00DED000274C69F800DAF301 /* Main.storyboard in Resources */ = {isa = PBXBuildFile; fileRef = 00DECFFE274C69F800DAF301 /* Main.storyboard */; };
		00DED005274C69FA00DAF301 /* LaunchScreen.storyboard in Resources */ = {isa = PBXBuildFile; fileRef = 00DED003274C69FA00DAF301 /* LaunchScreen.storyboard */; };
		00E8B32C278730D500FC3FFD /* ParraQuestionHandler.swift in Sources */ = {isa = PBXBuildFile; fileRef = 00E8B32B278730D500FC3FFD /* ParraQuestionHandler.swift */; };
		00E8B32E27878C3400FC3FFD /* GeneratedTypes.swift in Sources */ = {isa = PBXBuildFile; fileRef = 00E8B32D27878C3400FC3FFD /* GeneratedTypes.swift */; };
		4B34D69CE5731844A714F716 /* Pods_Parra_Feedback_SDK_Demo.framework in Frameworks */ = {isa = PBXBuildFile; fileRef = A8F1193CC884F0B2F36CA9ED /* Pods_Parra_Feedback_SDK_Demo.framework */; };
		665BCCAD95CCAA071E66E0A3 /* Pods_Parra_Feedback.framework in Frameworks */ = {isa = PBXBuildFile; fileRef = 1F0F661D369EAB60ADC0D623 /* Pods_Parra_Feedback.framework */; };
		BE36274FDB1E53F160ECA858 /* Pods_Parra_Feedback_Parra_Feedback_Tests.framework in Frameworks */ = {isa = PBXBuildFile; fileRef = 4D771D93334F34C5A26E5402 /* Pods_Parra_Feedback_Parra_Feedback_Tests.framework */; };
/* End PBXBuildFile section */

/* Begin PBXContainerItemProxy section */
		0012871B2784CDC20090CDB5 /* PBXContainerItemProxy */ = {
			isa = PBXContainerItemProxy;
			containerPortal = 00DECFED274C69F800DAF301 /* Project object */;
			proxyType = 1;
			remoteGlobalIDString = 003D2A67274C7798001E067E;
			remoteInfo = "Parra Feedback";
		};
		003D2A6C274C7798001E067E /* PBXContainerItemProxy */ = {
			isa = PBXContainerItemProxy;
			containerPortal = 00DECFED274C69F800DAF301 /* Project object */;
			proxyType = 1;
			remoteGlobalIDString = 003D2A67274C7798001E067E;
			remoteInfo = "Parra Feedback";
		};
/* End PBXContainerItemProxy section */

/* Begin PBXCopyFilesBuildPhase section */
		003D2A73274C7798001E067E /* Embed Frameworks */ = {
			isa = PBXCopyFilesBuildPhase;
			buildActionMask = 2147483647;
			dstPath = "";
			dstSubfolderSpec = 10;
			files = (
				003D2A6F274C7798001E067E /* ParraFeedback.framework in Embed Frameworks */,
			);
			name = "Embed Frameworks";
			runOnlyForDeploymentPostprocessing = 0;
		};
/* End PBXCopyFilesBuildPhase section */

/* Begin PBXFileReference section */
		00120EF2274D1EEE00CA3247 /* UIColor.swift */ = {isa = PBXFileReference; lastKnownFileType = sourcecode.swift; path = UIColor.swift; sourceTree = "<group>"; };
		00120EF8274D9CFC00CA3247 /* ParraFeedbackView.swift */ = {isa = PBXFileReference; lastKnownFileType = sourcecode.swift; path = ParraFeedbackView.swift; sourceTree = "<group>"; };
		00120EFA274DC98400CA3247 /* ParraActionCardView.swift */ = {isa = PBXFileReference; lastKnownFileType = sourcecode.swift; path = ParraActionCardView.swift; sourceTree = "<group>"; };
		00120EFD2753E8BF00CA3247 /* ParraCardView.swift */ = {isa = PBXFileReference; lastKnownFileType = sourcecode.swift; path = ParraCardView.swift; sourceTree = "<group>"; };
		00120F002753E9A400CA3247 /* ParraFeedback+Types.swift */ = {isa = PBXFileReference; lastKnownFileType = sourcecode.swift; path = "ParraFeedback+Types.swift"; sourceTree = "<group>"; };
		00120F0427543CB800CA3247 /* ParraChoiceOptionView.swift */ = {isa = PBXFileReference; lastKnownFileType = sourcecode.swift; path = ParraChoiceOptionView.swift; sourceTree = "<group>"; };
		001286EE277D27BC0090CDB5 /* ParraRadioButton.swift */ = {isa = PBXFileReference; lastKnownFileType = sourcecode.swift; path = ParraRadioButton.swift; sourceTree = "<group>"; };
		001286F0277D4BB20090CDB5 /* ParraCheckboxButton.swift */ = {isa = PBXFileReference; lastKnownFileType = sourcecode.swift; path = ParraCheckboxButton.swift; sourceTree = "<group>"; };
		001286F3277D53AE0090CDB5 /* SelectableButton.swift */ = {isa = PBXFileReference; lastKnownFileType = sourcecode.swift; path = SelectableButton.swift; sourceTree = "<group>"; };
		001286F5277D54480090CDB5 /* CAShapeLayer.swift */ = {isa = PBXFileReference; lastKnownFileType = sourcecode.swift; path = CAShapeLayer.swift; sourceTree = "<group>"; };
		001286F8277F50B30090CDB5 /* ParraChoiceData.swift */ = {isa = PBXFileReference; lastKnownFileType = sourcecode.swift; path = ParraChoiceData.swift; sourceTree = "<group>"; };
		001286FA277F51120090CDB5 /* ParraQuestionData.swift */ = {isa = PBXFileReference; lastKnownFileType = sourcecode.swift; path = ParraQuestionData.swift; sourceTree = "<group>"; };
		001286FC277FE2320090CDB5 /* Pacifico-Regular.ttf */ = {isa = PBXFileReference; lastKnownFileType = file; path = "Pacifico-Regular.ttf"; sourceTree = "<group>"; };
		001286FE277FE3180090CDB5 /* UIFont.swift */ = {isa = PBXFileReference; lastKnownFileType = sourcecode.swift; path = UIFont.swift; sourceTree = "<group>"; };
		001287002780C0C70090CDB5 /* ParraFeedbackDataManager.swift */ = {isa = PBXFileReference; lastKnownFileType = sourcecode.swift; path = ParraFeedbackDataManager.swift; sourceTree = "<group>"; };
		001287022784CD0D0090CDB5 /* ParraStarButton.swift */ = {isa = PBXFileReference; lastKnownFileType = sourcecode.swift; path = ParraStarButton.swift; sourceTree = "<group>"; };
		001287162784CDC20090CDB5 /* Parra Feedback Tests.xctest */ = {isa = PBXFileReference; explicitFileType = wrapper.cfbundle; includeInIndex = 0; path = "Parra Feedback Tests.xctest"; sourceTree = BUILT_PRODUCTS_DIR; };
		001287182784CDC20090CDB5 /* ParraFeedbackDataManagerTests.swift */ = {isa = PBXFileReference; lastKnownFileType = sourcecode.swift; path = ParraFeedbackDataManagerTests.swift; sourceTree = "<group>"; };
		001287202784CF6C0090CDB5 /* SampleData.swift */ = {isa = PBXFileReference; lastKnownFileType = sourcecode.swift; path = SampleData.swift; sourceTree = "<group>"; };
		0036D5DF27CAC5460016DE97 /* ParraFeedback+Networking.swift */ = {isa = PBXFileReference; lastKnownFileType = sourcecode.swift; path = "ParraFeedback+Networking.swift"; sourceTree = "<group>"; };
		0036D5E127CACA100016DE97 /* ParraFeedbackError.swift */ = {isa = PBXFileReference; lastKnownFileType = sourcecode.swift; path = ParraFeedbackError.swift; sourceTree = "<group>"; };
		0036D5E327CB0EEA0016DE97 /* JSONEncoder.swift */ = {isa = PBXFileReference; lastKnownFileType = sourcecode.swift; path = JSONEncoder.swift; sourceTree = "<group>"; };
		0036D5E527CB0FBD0016DE97 /* JSONDecoder.swift */ = {isa = PBXFileReference; lastKnownFileType = sourcecode.swift; path = JSONDecoder.swift; sourceTree = "<group>"; };
		0036D5F027CD9BDA0016DE97 /* CredentialStorage.swift */ = {isa = PBXFileReference; lastKnownFileType = sourcecode.swift; path = CredentialStorage.swift; sourceTree = "<group>"; };
		0036D5F227CD9C2A0016DE97 /* PersistentStorage.swift */ = {isa = PBXFileReference; lastKnownFileType = sourcecode.swift; path = PersistentStorage.swift; sourceTree = "<group>"; };
		0036D5F427CD9E460016DE97 /* DataStorageMedium.swift */ = {isa = PBXFileReference; lastKnownFileType = sourcecode.swift; path = DataStorageMedium.swift; sourceTree = "<group>"; };
		0036D5F627CDB0040016DE97 /* FileSystemStorage.swift */ = {isa = PBXFileReference; lastKnownFileType = sourcecode.swift; path = FileSystemStorage.swift; sourceTree = "<group>"; };
		0036D5F827CDB0170016DE97 /* UserDefaultsStorage.swift */ = {isa = PBXFileReference; lastKnownFileType = sourcecode.swift; path = UserDefaultsStorage.swift; sourceTree = "<group>"; };
		0036D5FB27CEFA6E0016DE97 /* EventStorage.swift */ = {isa = PBXFileReference; lastKnownFileType = sourcecode.swift; path = EventStorage.swift; sourceTree = "<group>"; };
		0036D5FD27CEFA840016DE97 /* CardStorage.swift */ = {isa = PBXFileReference; lastKnownFileType = sourcecode.swift; path = CardStorage.swift; sourceTree = "<group>"; };
		0036D5FF27CEFB3A0016DE97 /* MemoryStorage.swift */ = {isa = PBXFileReference; lastKnownFileType = sourcecode.swift; path = MemoryStorage.swift; sourceTree = "<group>"; };
		0036D60127CF0EA20016DE97 /* ParraFeedback+Authentication.swift */ = {isa = PBXFileReference; lastKnownFileType = sourcecode.swift; path = "ParraFeedback+Authentication.swift"; sourceTree = "<group>"; };
		0036D60327D0477C0016DE97 /* AnswerStorage.swift */ = {isa = PBXFileReference; lastKnownFileType = sourcecode.swift; path = AnswerStorage.swift; sourceTree = "<group>"; };
		0036D60527D049EB0016DE97 /* ParraFeedbackDataManager+Keys.swift */ = {isa = PBXFileReference; lastKnownFileType = sourcecode.swift; path = "ParraFeedbackDataManager+Keys.swift"; sourceTree = "<group>"; };
		0036D60727D051060016DE97 /* ParraFeedbackView+Transitions.swift */ = {isa = PBXFileReference; lastKnownFileType = sourcecode.swift; path = "ParraFeedbackView+Transitions.swift"; sourceTree = "<group>"; };
		0036D60927D051B20016DE97 /* ParraFeedbackView+Layout.swift */ = {isa = PBXFileReference; lastKnownFileType = sourcecode.swift; path = "ParraFeedbackView+Layout.swift"; sourceTree = "<group>"; };
		0036D60B27D053160016DE97 /* FileManager.swift */ = {isa = PBXFileReference; lastKnownFileType = sourcecode.swift; path = FileManager.swift; sourceTree = "<group>"; };
		0036D60F27D2FA6A0016DE97 /* AnswerDataConvertible.swift */ = {isa = PBXFileReference; lastKnownFileType = sourcecode.swift; path = AnswerDataConvertible.swift; sourceTree = "<group>"; };
		0036D61127D30CA40016DE97 /* ParraFeedback+SyncEvents.swift */ = {isa = PBXFileReference; lastKnownFileType = sourcecode.swift; path = "ParraFeedback+SyncEvents.swift"; sourceTree = "<group>"; };
		003D2A68274C7798001E067E /* ParraFeedback.framework */ = {isa = PBXFileReference; explicitFileType = wrapper.framework; includeInIndex = 0; path = ParraFeedback.framework; sourceTree = BUILT_PRODUCTS_DIR; };
		003D2A6A274C7798001E067E /* ParraFeedback.h */ = {isa = PBXFileReference; lastKnownFileType = sourcecode.c.h; path = ParraFeedback.h; sourceTree = "<group>"; };
		003D2A74274C77BD001E067E /* ParraFeedback.swift */ = {isa = PBXFileReference; lastKnownFileType = sourcecode.swift; path = ParraFeedback.swift; sourceTree = "<group>"; };
		003D2A76274C84A3001E067E /* ParraQuestionCardView.swift */ = {isa = PBXFileReference; lastKnownFileType = sourcecode.swift; path = ParraQuestionCardView.swift; sourceTree = "<group>"; };
		006148B32793A43C00829486 /* ParraFeedbackTests.swift */ = {isa = PBXFileReference; lastKnownFileType = sourcecode.swift; path = ParraFeedbackTests.swift; sourceTree = "<group>"; };
		006148B52793C23400829486 /* Parra Feedback.xctestplan */ = {isa = PBXFileReference; lastKnownFileType = text; path = "Parra Feedback.xctestplan"; sourceTree = SOURCE_ROOT; };
		007FBEF3277A34C700BD9E37 /* ParraFeedback+GeneratedTypes.swift */ = {isa = PBXFileReference; lastKnownFileType = sourcecode.swift; path = "ParraFeedback+GeneratedTypes.swift"; sourceTree = "<group>"; };
		007FBEF5277A700200BD9E37 /* libswift_Concurrency.tbd */ = {isa = PBXFileReference; lastKnownFileType = "sourcecode.text-based-dylib-definition"; name = libswift_Concurrency.tbd; path = usr/lib/swift/libswift_Concurrency.tbd; sourceTree = SDKROOT; };
		00D5155B27D4219900C4F2CC /* Assets.xcassets */ = {isa = PBXFileReference; lastKnownFileType = folder.assetcatalog; path = Assets.xcassets; sourceTree = "<group>"; };
		00D5155D27D4223D00C4F2CC /* ParraFeedback+Constants.swift */ = {isa = PBXFileReference; lastKnownFileType = sourcecode.swift; path = "ParraFeedback+Constants.swift"; sourceTree = "<group>"; };
		00D5155F27D4238E00C4F2CC /* UIImage.swift */ = {isa = PBXFileReference; lastKnownFileType = sourcecode.swift; path = UIImage.swift; sourceTree = "<group>"; };
		00DECFF5274C69F800DAF301 /* Parra Feedback SDK Demo.app */ = {isa = PBXFileReference; explicitFileType = wrapper.application; includeInIndex = 0; path = "Parra Feedback SDK Demo.app"; sourceTree = BUILT_PRODUCTS_DIR; };
		00DECFF8274C69F800DAF301 /* AppDelegate.swift */ = {isa = PBXFileReference; lastKnownFileType = sourcecode.swift; path = AppDelegate.swift; sourceTree = "<group>"; };
		00DECFFA274C69F800DAF301 /* SceneDelegate.swift */ = {isa = PBXFileReference; lastKnownFileType = sourcecode.swift; path = SceneDelegate.swift; sourceTree = "<group>"; };
		00DECFFC274C69F800DAF301 /* ViewController.swift */ = {isa = PBXFileReference; lastKnownFileType = sourcecode.swift; path = ViewController.swift; sourceTree = "<group>"; };
		00DECFFF274C69F800DAF301 /* Base */ = {isa = PBXFileReference; lastKnownFileType = file.storyboard; name = Base; path = Base.lproj/Main.storyboard; sourceTree = "<group>"; };
		00DED004274C69FA00DAF301 /* Base */ = {isa = PBXFileReference; lastKnownFileType = file.storyboard; name = Base; path = Base.lproj/LaunchScreen.storyboard; sourceTree = "<group>"; };
		00DED006274C69FA00DAF301 /* Info.plist */ = {isa = PBXFileReference; lastKnownFileType = text.plist.xml; path = Info.plist; sourceTree = "<group>"; };
		00E8B32B278730D500FC3FFD /* ParraQuestionHandler.swift */ = {isa = PBXFileReference; lastKnownFileType = sourcecode.swift; path = ParraQuestionHandler.swift; sourceTree = "<group>"; };
		00E8B32D27878C3400FC3FFD /* GeneratedTypes.swift */ = {isa = PBXFileReference; lastKnownFileType = sourcecode.swift; path = GeneratedTypes.swift; sourceTree = "<group>"; };
		1F0F661D369EAB60ADC0D623 /* Pods_Parra_Feedback.framework */ = {isa = PBXFileReference; explicitFileType = wrapper.framework; includeInIndex = 0; path = Pods_Parra_Feedback.framework; sourceTree = BUILT_PRODUCTS_DIR; };
		2A217E270D66BD247EA12161 /* Pods-Parra Feedback.debug.xcconfig */ = {isa = PBXFileReference; includeInIndex = 1; lastKnownFileType = text.xcconfig; name = "Pods-Parra Feedback.debug.xcconfig"; path = "Target Support Files/Pods-Parra Feedback/Pods-Parra Feedback.debug.xcconfig"; sourceTree = "<group>"; };
		4D771D93334F34C5A26E5402 /* Pods_Parra_Feedback_Parra_Feedback_Tests.framework */ = {isa = PBXFileReference; explicitFileType = wrapper.framework; includeInIndex = 0; path = Pods_Parra_Feedback_Parra_Feedback_Tests.framework; sourceTree = BUILT_PRODUCTS_DIR; };
		6B5E19B94F9C37D2C8D83727 /* Pods-Parra Feedback-Parra Feedback Tests.release.xcconfig */ = {isa = PBXFileReference; includeInIndex = 1; lastKnownFileType = text.xcconfig; name = "Pods-Parra Feedback-Parra Feedback Tests.release.xcconfig"; path = "Target Support Files/Pods-Parra Feedback-Parra Feedback Tests/Pods-Parra Feedback-Parra Feedback Tests.release.xcconfig"; sourceTree = "<group>"; };
		819BB918A1E17EB6B804A30F /* Pods-Parra Feedback SDK Demo.release.xcconfig */ = {isa = PBXFileReference; includeInIndex = 1; lastKnownFileType = text.xcconfig; name = "Pods-Parra Feedback SDK Demo.release.xcconfig"; path = "Target Support Files/Pods-Parra Feedback SDK Demo/Pods-Parra Feedback SDK Demo.release.xcconfig"; sourceTree = "<group>"; };
		8432A365EACB1E66B116F9B7 /* Pods-Parra Feedback.release.xcconfig */ = {isa = PBXFileReference; includeInIndex = 1; lastKnownFileType = text.xcconfig; name = "Pods-Parra Feedback.release.xcconfig"; path = "Target Support Files/Pods-Parra Feedback/Pods-Parra Feedback.release.xcconfig"; sourceTree = "<group>"; };
		9FE2456D43319BCFAB98D2EE /* Pods-Parra Feedback-Parra Feedback Tests.debug.xcconfig */ = {isa = PBXFileReference; includeInIndex = 1; lastKnownFileType = text.xcconfig; name = "Pods-Parra Feedback-Parra Feedback Tests.debug.xcconfig"; path = "Target Support Files/Pods-Parra Feedback-Parra Feedback Tests/Pods-Parra Feedback-Parra Feedback Tests.debug.xcconfig"; sourceTree = "<group>"; };
		A8F1193CC884F0B2F36CA9ED /* Pods_Parra_Feedback_SDK_Demo.framework */ = {isa = PBXFileReference; explicitFileType = wrapper.framework; includeInIndex = 0; path = Pods_Parra_Feedback_SDK_Demo.framework; sourceTree = BUILT_PRODUCTS_DIR; };
		E4E9A3C6C190B71277480124 /* Pods-Parra Feedback SDK Demo.debug.xcconfig */ = {isa = PBXFileReference; includeInIndex = 1; lastKnownFileType = text.xcconfig; name = "Pods-Parra Feedback SDK Demo.debug.xcconfig"; path = "Target Support Files/Pods-Parra Feedback SDK Demo/Pods-Parra Feedback SDK Demo.debug.xcconfig"; sourceTree = "<group>"; };
/* End PBXFileReference section */

/* Begin PBXFrameworksBuildPhase section */
		001287132784CDC20090CDB5 /* Frameworks */ = {
			isa = PBXFrameworksBuildPhase;
			buildActionMask = 2147483647;
			files = (
				0012871A2784CDC20090CDB5 /* ParraFeedback.framework in Frameworks */,
				BE36274FDB1E53F160ECA858 /* Pods_Parra_Feedback_Parra_Feedback_Tests.framework in Frameworks */,
			);
			runOnlyForDeploymentPostprocessing = 0;
		};
		003D2A65274C7798001E067E /* Frameworks */ = {
			isa = PBXFrameworksBuildPhase;
			buildActionMask = 2147483647;
			files = (
				007FBEF6277A700200BD9E37 /* libswift_Concurrency.tbd in Frameworks */,
				665BCCAD95CCAA071E66E0A3 /* Pods_Parra_Feedback.framework in Frameworks */,
			);
			runOnlyForDeploymentPostprocessing = 0;
		};
		00DECFF2274C69F800DAF301 /* Frameworks */ = {
			isa = PBXFrameworksBuildPhase;
			buildActionMask = 2147483647;
			files = (
				003D2A6E274C7798001E067E /* ParraFeedback.framework in Frameworks */,
				4B34D69CE5731844A714F716 /* Pods_Parra_Feedback_SDK_Demo.framework in Frameworks */,
			);
			runOnlyForDeploymentPostprocessing = 0;
		};
/* End PBXFrameworksBuildPhase section */

/* Begin PBXGroup section */
		00120EF1274D1ECA00CA3247 /* Extensions */ = {
			isa = PBXGroup;
			children = (
				001286F5277D54480090CDB5 /* CAShapeLayer.swift */,
				0036D60B27D053160016DE97 /* FileManager.swift */,
				00E8B32D27878C3400FC3FFD /* GeneratedTypes.swift */,
				0036D5E527CB0FBD0016DE97 /* JSONDecoder.swift */,
				0036D5E327CB0EEA0016DE97 /* JSONEncoder.swift */,
				00120EF2274D1EEE00CA3247 /* UIColor.swift */,
				001286FE277FE3180090CDB5 /* UIFont.swift */,
				00D5155F27D4238E00C4F2CC /* UIImage.swift */,
			);
			path = Extensions;
			sourceTree = "<group>";
		};
		00120EFC27514BE000CA3247 /* Card Views */ = {
			isa = PBXGroup;
			children = (
				00120EFD2753E8BF00CA3247 /* ParraCardView.swift */,
				003D2A76274C84A3001E067E /* ParraQuestionCardView.swift */,
				00120F0427543CB800CA3247 /* ParraChoiceOptionView.swift */,
				00120EFA274DC98400CA3247 /* ParraActionCardView.swift */,
			);
			path = "Card Views";
			sourceTree = "<group>";
		};
		001286F2277D53890090CDB5 /* Selectable Buttons */ = {
			isa = PBXGroup;
			children = (
				001286F3277D53AE0090CDB5 /* SelectableButton.swift */,
				001286EE277D27BC0090CDB5 /* ParraRadioButton.swift */,
				001286F0277D4BB20090CDB5 /* ParraCheckboxButton.swift */,
				001287022784CD0D0090CDB5 /* ParraStarButton.swift */,
			);
			path = "Selectable Buttons";
			sourceTree = "<group>";
		};
		001286F7277F50A20090CDB5 /* Managers */ = {
			isa = PBXGroup;
			children = (
				001287002780C0C70090CDB5 /* ParraFeedbackDataManager.swift */,
				0036D60527D049EB0016DE97 /* ParraFeedbackDataManager+Keys.swift */,
				001286F8277F50B30090CDB5 /* ParraChoiceData.swift */,
				001286FA277F51120090CDB5 /* ParraQuestionData.swift */,
				00E8B32B278730D500FC3FFD /* ParraQuestionHandler.swift */,
				0036D60F27D2FA6A0016DE97 /* AnswerDataConvertible.swift */,
			);
			path = Managers;
			sourceTree = "<group>";
		};
		001287172784CDC20090CDB5 /* Parra Feedback Tests */ = {
			isa = PBXGroup;
			children = (
				006148B52793C23400829486 /* Parra Feedback.xctestplan */,
				006148B32793A43C00829486 /* ParraFeedbackTests.swift */,
				001287182784CDC20090CDB5 /* ParraFeedbackDataManagerTests.swift */,
				001287202784CF6C0090CDB5 /* SampleData.swift */,
			);
			path = "Parra Feedback Tests";
			sourceTree = "<group>";
		};
		0036D5EF27CD9BC90016DE97 /* Storage */ = {
			isa = PBXGroup;
			children = (
				0036D5F227CD9C2A0016DE97 /* PersistentStorage.swift */,
				0036D5F027CD9BDA0016DE97 /* CredentialStorage.swift */,
				0036D5FD27CEFA840016DE97 /* CardStorage.swift */,
				0036D60327D0477C0016DE97 /* AnswerStorage.swift */,
				0036D5FB27CEFA6E0016DE97 /* EventStorage.swift */,
				0036D5FA27CEFA540016DE97 /* Storage Mediums */,
			);
			path = Storage;
			sourceTree = "<group>";
		};
		0036D5FA27CEFA540016DE97 /* Storage Mediums */ = {
			isa = PBXGroup;
			children = (
				0036D5F427CD9E460016DE97 /* DataStorageMedium.swift */,
				0036D5FF27CEFB3A0016DE97 /* MemoryStorage.swift */,
				0036D5F627CDB0040016DE97 /* FileSystemStorage.swift */,
				0036D5F827CDB0170016DE97 /* UserDefaultsStorage.swift */,
			);
			path = "Storage Mediums";
			sourceTree = "<group>";
		};
		003D2A69274C7798001E067E /* Parra Feedback */ = {
			isa = PBXGroup;
			children = (
				001286FC277FE2320090CDB5 /* Pacifico-Regular.ttf */,
				00120EF1274D1ECA00CA3247 /* Extensions */,
				003D2A6A274C7798001E067E /* ParraFeedback.h */,
				003D2A74274C77BD001E067E /* ParraFeedback.swift */,
				00D5155D27D4223D00C4F2CC /* ParraFeedback+Constants.swift */,
				0036D60127CF0EA20016DE97 /* ParraFeedback+Authentication.swift */,
				007FBEF3277A34C700BD9E37 /* ParraFeedback+GeneratedTypes.swift */,
				0036D5DF27CAC5460016DE97 /* ParraFeedback+Networking.swift */,
				0036D61127D30CA40016DE97 /* ParraFeedback+SyncEvents.swift */,
				00120F002753E9A400CA3247 /* ParraFeedback+Types.swift */,
				0036D5E127CACA100016DE97 /* ParraFeedbackError.swift */,
				001286F7277F50A20090CDB5 /* Managers */,
				0036D5EF27CD9BC90016DE97 /* Storage */,
				003D2A7A274C84EE001E067E /* Views */,
				00D5155B27D4219900C4F2CC /* Assets.xcassets */,
			);
			path = "Parra Feedback";
			sourceTree = "<group>";
		};
		003D2A7A274C84EE001E067E /* Views */ = {
			isa = PBXGroup;
			children = (
				00120EF8274D9CFC00CA3247 /* ParraFeedbackView.swift */,
				0036D60927D051B20016DE97 /* ParraFeedbackView+Layout.swift */,
				0036D60727D051060016DE97 /* ParraFeedbackView+Transitions.swift */,
				00120EFC27514BE000CA3247 /* Card Views */,
				001286F2277D53890090CDB5 /* Selectable Buttons */,
			);
			path = Views;
			sourceTree = "<group>";
		};
		00DECFEC274C69F800DAF301 = {
			isa = PBXGroup;
			children = (
				00DECFF7274C69F800DAF301 /* Parra Feedback SDK Demo */,
				003D2A69274C7798001E067E /* Parra Feedback */,
				001287172784CDC20090CDB5 /* Parra Feedback Tests */,
				00DECFF6274C69F800DAF301 /* Products */,
				02A060188E5CD1963038AE8C /* Pods */,
				39DADA99F3B351D04A5CD522 /* Frameworks */,
			);
			sourceTree = "<group>";
		};
		00DECFF6274C69F800DAF301 /* Products */ = {
			isa = PBXGroup;
			children = (
				00DECFF5274C69F800DAF301 /* Parra Feedback SDK Demo.app */,
				003D2A68274C7798001E067E /* ParraFeedback.framework */,
				001287162784CDC20090CDB5 /* Parra Feedback Tests.xctest */,
			);
			name = Products;
			sourceTree = "<group>";
		};
		00DECFF7274C69F800DAF301 /* Parra Feedback SDK Demo */ = {
			isa = PBXGroup;
			children = (
				00DECFF8274C69F800DAF301 /* AppDelegate.swift */,
				00DECFFA274C69F800DAF301 /* SceneDelegate.swift */,
				00DECFFC274C69F800DAF301 /* ViewController.swift */,
				00DECFFE274C69F800DAF301 /* Main.storyboard */,
				00DED003274C69FA00DAF301 /* LaunchScreen.storyboard */,
				00DED006274C69FA00DAF301 /* Info.plist */,
			);
			path = "Parra Feedback SDK Demo";
			sourceTree = "<group>";
		};
		02A060188E5CD1963038AE8C /* Pods */ = {
			isa = PBXGroup;
			children = (
				2A217E270D66BD247EA12161 /* Pods-Parra Feedback.debug.xcconfig */,
				8432A365EACB1E66B116F9B7 /* Pods-Parra Feedback.release.xcconfig */,
				E4E9A3C6C190B71277480124 /* Pods-Parra Feedback SDK Demo.debug.xcconfig */,
				819BB918A1E17EB6B804A30F /* Pods-Parra Feedback SDK Demo.release.xcconfig */,
				9FE2456D43319BCFAB98D2EE /* Pods-Parra Feedback-Parra Feedback Tests.debug.xcconfig */,
				6B5E19B94F9C37D2C8D83727 /* Pods-Parra Feedback-Parra Feedback Tests.release.xcconfig */,
			);
			path = Pods;
			sourceTree = "<group>";
		};
		39DADA99F3B351D04A5CD522 /* Frameworks */ = {
			isa = PBXGroup;
			children = (
				007FBEF5277A700200BD9E37 /* libswift_Concurrency.tbd */,
				1F0F661D369EAB60ADC0D623 /* Pods_Parra_Feedback.framework */,
				A8F1193CC884F0B2F36CA9ED /* Pods_Parra_Feedback_SDK_Demo.framework */,
				4D771D93334F34C5A26E5402 /* Pods_Parra_Feedback_Parra_Feedback_Tests.framework */,
			);
			name = Frameworks;
			sourceTree = "<group>";
		};
/* End PBXGroup section */

/* Begin PBXHeadersBuildPhase section */
		003D2A63274C7798001E067E /* Headers */ = {
			isa = PBXHeadersBuildPhase;
			buildActionMask = 2147483647;
			files = (
				003D2A6B274C7798001E067E /* ParraFeedback.h in Headers */,
			);
			runOnlyForDeploymentPostprocessing = 0;
		};
/* End PBXHeadersBuildPhase section */

/* Begin PBXNativeTarget section */
		001287152784CDC20090CDB5 /* Parra Feedback Tests */ = {
			isa = PBXNativeTarget;
			buildConfigurationList = 0012871F2784CDC20090CDB5 /* Build configuration list for PBXNativeTarget "Parra Feedback Tests" */;
			buildPhases = (
				436324C61C3E8DC1278F8CD5 /* [CP] Check Pods Manifest.lock */,
				001287122784CDC20090CDB5 /* Sources */,
				001287132784CDC20090CDB5 /* Frameworks */,
				001287142784CDC20090CDB5 /* Resources */,
				14FB6855CC729358AB1B2757 /* [CP] Embed Pods Frameworks */,
			);
			buildRules = (
			);
			dependencies = (
				0012871C2784CDC20090CDB5 /* PBXTargetDependency */,
			);
			name = "Parra Feedback Tests";
			productName = "Parra Feedback Tests";
			productReference = 001287162784CDC20090CDB5 /* Parra Feedback Tests.xctest */;
			productType = "com.apple.product-type.bundle.unit-test";
		};
		003D2A67274C7798001E067E /* Parra Feedback */ = {
			isa = PBXNativeTarget;
			buildConfigurationList = 003D2A70274C7798001E067E /* Build configuration list for PBXNativeTarget "Parra Feedback" */;
			buildPhases = (
				0E2313A427A49B3C440F8131 /* [CP] Check Pods Manifest.lock */,
				003D2A63274C7798001E067E /* Headers */,
				003D2A64274C7798001E067E /* Sources */,
				003D2A65274C7798001E067E /* Frameworks */,
				003D2A66274C7798001E067E /* Resources */,
			);
			buildRules = (
			);
			dependencies = (
			);
			name = "Parra Feedback";
			productName = "Parra Feedback";
			productReference = 003D2A68274C7798001E067E /* ParraFeedback.framework */;
			productType = "com.apple.product-type.framework";
		};
		00DECFF4274C69F800DAF301 /* Parra Feedback SDK Demo */ = {
			isa = PBXNativeTarget;
			buildConfigurationList = 00DED009274C69FA00DAF301 /* Build configuration list for PBXNativeTarget "Parra Feedback SDK Demo" */;
			buildPhases = (
				918AC5BA8FB850DEFD3FE7F0 /* [CP] Check Pods Manifest.lock */,
				00DECFF1274C69F800DAF301 /* Sources */,
				00DECFF2274C69F800DAF301 /* Frameworks */,
				00DECFF3274C69F800DAF301 /* Resources */,
				003D2A73274C7798001E067E /* Embed Frameworks */,
				14847F499370F32B6704ABC8 /* [CP] Embed Pods Frameworks */,
			);
			buildRules = (
			);
			dependencies = (
				003D2A6D274C7798001E067E /* PBXTargetDependency */,
			);
			name = "Parra Feedback SDK Demo";
			productName = "Parra Feedback SDK";
			productReference = 00DECFF5274C69F800DAF301 /* Parra Feedback SDK Demo.app */;
			productType = "com.apple.product-type.application";
		};
/* End PBXNativeTarget section */

/* Begin PBXProject section */
		00DECFED274C69F800DAF301 /* Project object */ = {
			isa = PBXProject;
			attributes = {
				BuildIndependentTargetsInParallel = 1;
				LastSwiftUpdateCheck = 1320;
				LastUpgradeCheck = 1310;
				TargetAttributes = {
					001287152784CDC20090CDB5 = {
						CreatedOnToolsVersion = 13.2.1;
					};
					003D2A67274C7798001E067E = {
						CreatedOnToolsVersion = 13.1;
						LastSwiftMigration = 1310;
					};
					00DECFF4274C69F800DAF301 = {
						CreatedOnToolsVersion = 13.1;
					};
				};
			};
			buildConfigurationList = 00DECFF0274C69F800DAF301 /* Build configuration list for PBXProject "Parra Feedback SDK Demo" */;
			compatibilityVersion = "Xcode 13.0";
			developmentRegion = en;
			hasScannedForEncodings = 0;
			knownRegions = (
				en,
				Base,
			);
			mainGroup = 00DECFEC274C69F800DAF301;
			productRefGroup = 00DECFF6274C69F800DAF301 /* Products */;
			projectDirPath = "";
			projectRoot = "";
			targets = (
				00DECFF4274C69F800DAF301 /* Parra Feedback SDK Demo */,
				003D2A67274C7798001E067E /* Parra Feedback */,
				001287152784CDC20090CDB5 /* Parra Feedback Tests */,
			);
		};
/* End PBXProject section */

/* Begin PBXResourcesBuildPhase section */
		001287142784CDC20090CDB5 /* Resources */ = {
			isa = PBXResourcesBuildPhase;
			buildActionMask = 2147483647;
			files = (
			);
			runOnlyForDeploymentPostprocessing = 0;
		};
		003D2A66274C7798001E067E /* Resources */ = {
			isa = PBXResourcesBuildPhase;
			buildActionMask = 2147483647;
			files = (
				00D5155C27D4219900C4F2CC /* Assets.xcassets in Resources */,
				001286FD277FE2320090CDB5 /* Pacifico-Regular.ttf in Resources */,
			);
			runOnlyForDeploymentPostprocessing = 0;
		};
		00DECFF3274C69F800DAF301 /* Resources */ = {
			isa = PBXResourcesBuildPhase;
			buildActionMask = 2147483647;
			files = (
				00DED005274C69FA00DAF301 /* LaunchScreen.storyboard in Resources */,
				00DED000274C69F800DAF301 /* Main.storyboard in Resources */,
			);
			runOnlyForDeploymentPostprocessing = 0;
		};
/* End PBXResourcesBuildPhase section */

/* Begin PBXShellScriptBuildPhase section */
		0E2313A427A49B3C440F8131 /* [CP] Check Pods Manifest.lock */ = {
			isa = PBXShellScriptBuildPhase;
			buildActionMask = 2147483647;
			files = (
			);
			inputFileListPaths = (
			);
			inputPaths = (
				"${PODS_PODFILE_DIR_PATH}/Podfile.lock",
				"${PODS_ROOT}/Manifest.lock",
			);
			name = "[CP] Check Pods Manifest.lock";
			outputFileListPaths = (
			);
			outputPaths = (
				"$(DERIVED_FILE_DIR)/Pods-Parra Feedback-checkManifestLockResult.txt",
			);
			runOnlyForDeploymentPostprocessing = 0;
			shellPath = /bin/sh;
			shellScript = "diff \"${PODS_PODFILE_DIR_PATH}/Podfile.lock\" \"${PODS_ROOT}/Manifest.lock\" > /dev/null\nif [ $? != 0 ] ; then\n    # print error to STDERR\n    echo \"error: The sandbox is not in sync with the Podfile.lock. Run 'pod install' or update your CocoaPods installation.\" >&2\n    exit 1\nfi\n# This output is used by Xcode 'outputs' to avoid re-running this script phase.\necho \"SUCCESS\" > \"${SCRIPT_OUTPUT_FILE_0}\"\n";
			showEnvVarsInLog = 0;
		};
		14847F499370F32B6704ABC8 /* [CP] Embed Pods Frameworks */ = {
			isa = PBXShellScriptBuildPhase;
			buildActionMask = 2147483647;
			files = (
			);
			inputFileListPaths = (
				"${PODS_ROOT}/Target Support Files/Pods-Parra Feedback SDK Demo/Pods-Parra Feedback SDK Demo-frameworks-${CONFIGURATION}-input-files.xcfilelist",
			);
			name = "[CP] Embed Pods Frameworks";
			outputFileListPaths = (
				"${PODS_ROOT}/Target Support Files/Pods-Parra Feedback SDK Demo/Pods-Parra Feedback SDK Demo-frameworks-${CONFIGURATION}-output-files.xcfilelist",
			);
			runOnlyForDeploymentPostprocessing = 0;
			shellPath = /bin/sh;
			shellScript = "\"${PODS_ROOT}/Target Support Files/Pods-Parra Feedback SDK Demo/Pods-Parra Feedback SDK Demo-frameworks.sh\"\n";
			showEnvVarsInLog = 0;
		};
		14FB6855CC729358AB1B2757 /* [CP] Embed Pods Frameworks */ = {
			isa = PBXShellScriptBuildPhase;
			buildActionMask = 2147483647;
			files = (
			);
			inputFileListPaths = (
				"${PODS_ROOT}/Target Support Files/Pods-Parra Feedback-Parra Feedback Tests/Pods-Parra Feedback-Parra Feedback Tests-frameworks-${CONFIGURATION}-input-files.xcfilelist",
			);
			name = "[CP] Embed Pods Frameworks";
			outputFileListPaths = (
				"${PODS_ROOT}/Target Support Files/Pods-Parra Feedback-Parra Feedback Tests/Pods-Parra Feedback-Parra Feedback Tests-frameworks-${CONFIGURATION}-output-files.xcfilelist",
			);
			runOnlyForDeploymentPostprocessing = 0;
			shellPath = /bin/sh;
			shellScript = "\"${PODS_ROOT}/Target Support Files/Pods-Parra Feedback-Parra Feedback Tests/Pods-Parra Feedback-Parra Feedback Tests-frameworks.sh\"\n";
			showEnvVarsInLog = 0;
		};
		436324C61C3E8DC1278F8CD5 /* [CP] Check Pods Manifest.lock */ = {
			isa = PBXShellScriptBuildPhase;
			buildActionMask = 2147483647;
			files = (
			);
			inputFileListPaths = (
			);
			inputPaths = (
				"${PODS_PODFILE_DIR_PATH}/Podfile.lock",
				"${PODS_ROOT}/Manifest.lock",
			);
			name = "[CP] Check Pods Manifest.lock";
			outputFileListPaths = (
			);
			outputPaths = (
				"$(DERIVED_FILE_DIR)/Pods-Parra Feedback-Parra Feedback Tests-checkManifestLockResult.txt",
			);
			runOnlyForDeploymentPostprocessing = 0;
			shellPath = /bin/sh;
			shellScript = "diff \"${PODS_PODFILE_DIR_PATH}/Podfile.lock\" \"${PODS_ROOT}/Manifest.lock\" > /dev/null\nif [ $? != 0 ] ; then\n    # print error to STDERR\n    echo \"error: The sandbox is not in sync with the Podfile.lock. Run 'pod install' or update your CocoaPods installation.\" >&2\n    exit 1\nfi\n# This output is used by Xcode 'outputs' to avoid re-running this script phase.\necho \"SUCCESS\" > \"${SCRIPT_OUTPUT_FILE_0}\"\n";
			showEnvVarsInLog = 0;
		};
		918AC5BA8FB850DEFD3FE7F0 /* [CP] Check Pods Manifest.lock */ = {
			isa = PBXShellScriptBuildPhase;
			buildActionMask = 2147483647;
			files = (
			);
			inputFileListPaths = (
			);
			inputPaths = (
				"${PODS_PODFILE_DIR_PATH}/Podfile.lock",
				"${PODS_ROOT}/Manifest.lock",
			);
			name = "[CP] Check Pods Manifest.lock";
			outputFileListPaths = (
			);
			outputPaths = (
				"$(DERIVED_FILE_DIR)/Pods-Parra Feedback SDK Demo-checkManifestLockResult.txt",
			);
			runOnlyForDeploymentPostprocessing = 0;
			shellPath = /bin/sh;
			shellScript = "diff \"${PODS_PODFILE_DIR_PATH}/Podfile.lock\" \"${PODS_ROOT}/Manifest.lock\" > /dev/null\nif [ $? != 0 ] ; then\n    # print error to STDERR\n    echo \"error: The sandbox is not in sync with the Podfile.lock. Run 'pod install' or update your CocoaPods installation.\" >&2\n    exit 1\nfi\n# This output is used by Xcode 'outputs' to avoid re-running this script phase.\necho \"SUCCESS\" > \"${SCRIPT_OUTPUT_FILE_0}\"\n";
			showEnvVarsInLog = 0;
		};
/* End PBXShellScriptBuildPhase section */

/* Begin PBXSourcesBuildPhase section */
		001287122784CDC20090CDB5 /* Sources */ = {
			isa = PBXSourcesBuildPhase;
			buildActionMask = 2147483647;
			files = (
				006148B42793A43C00829486 /* ParraFeedbackTests.swift in Sources */,
				001287192784CDC20090CDB5 /* ParraFeedbackDataManagerTests.swift in Sources */,
				001287212784CF6C0090CDB5 /* SampleData.swift in Sources */,
			);
			runOnlyForDeploymentPostprocessing = 0;
		};
		003D2A64274C7798001E067E /* Sources */ = {
			isa = PBXSourcesBuildPhase;
			buildActionMask = 2147483647;
			files = (
				003D2A78274C84A3001E067E /* ParraQuestionCardView.swift in Sources */,
				0036D61227D30CA40016DE97 /* ParraFeedback+SyncEvents.swift in Sources */,
				00120EFB274DC98400CA3247 /* ParraActionCardView.swift in Sources */,
				0036D5E227CACA100016DE97 /* ParraFeedbackError.swift in Sources */,
				0036D5F127CD9BDA0016DE97 /* CredentialStorage.swift in Sources */,
				0036D5E427CB0EEA0016DE97 /* JSONEncoder.swift in Sources */,
				0036D5F727CDB0040016DE97 /* FileSystemStorage.swift in Sources */,
				001286FF277FE3180090CDB5 /* UIFont.swift in Sources */,
				00120EF9274D9CFC00CA3247 /* ParraFeedbackView.swift in Sources */,
				00120F012753E9A400CA3247 /* ParraFeedback+Types.swift in Sources */,
				0036D60C27D053160016DE97 /* FileManager.swift in Sources */,
				0036D61027D2FA6A0016DE97 /* AnswerDataConvertible.swift in Sources */,
				0036D60827D051060016DE97 /* ParraFeedbackView+Transitions.swift in Sources */,
				001286EF277D27BC0090CDB5 /* ParraRadioButton.swift in Sources */,
				00120F0527543CB800CA3247 /* ParraChoiceOptionView.swift in Sources */,
				0036D60627D049EB0016DE97 /* ParraFeedbackDataManager+Keys.swift in Sources */,
				00120EF3274D1EEE00CA3247 /* UIColor.swift in Sources */,
				0036D5FE27CEFA840016DE97 /* CardStorage.swift in Sources */,
				00E8B32C278730D500FC3FFD /* ParraQuestionHandler.swift in Sources */,
				0036D5F527CD9E460016DE97 /* DataStorageMedium.swift in Sources */,
				0036D5F327CD9C2A0016DE97 /* PersistentStorage.swift in Sources */,
				00E8B32E27878C3400FC3FFD /* GeneratedTypes.swift in Sources */,
				0036D5FC27CEFA6E0016DE97 /* EventStorage.swift in Sources */,
				0036D5E627CB0FBD0016DE97 /* JSONDecoder.swift in Sources */,
				001286F6277D54480090CDB5 /* CAShapeLayer.swift in Sources */,
				0036D5E027CAC5460016DE97 /* ParraFeedback+Networking.swift in Sources */,
				0036D60A27D051B20016DE97 /* ParraFeedbackView+Layout.swift in Sources */,
				00D5156027D4238E00C4F2CC /* UIImage.swift in Sources */,
				00120EFE2753E8BF00CA3247 /* ParraCardView.swift in Sources */,
				003D2A75274C77BD001E067E /* ParraFeedback.swift in Sources */,
				0036D60227CF0EA20016DE97 /* ParraFeedback+Authentication.swift in Sources */,
				001286F4277D53AE0090CDB5 /* SelectableButton.swift in Sources */,
				001286F1277D4BB20090CDB5 /* ParraCheckboxButton.swift in Sources */,
				0036D5F927CDB0170016DE97 /* UserDefaultsStorage.swift in Sources */,
				001286FB277F51120090CDB5 /* ParraQuestionData.swift in Sources */,
				001287032784CD0D0090CDB5 /* ParraStarButton.swift in Sources */,
				0036D60027CEFB3A0016DE97 /* MemoryStorage.swift in Sources */,
				001287012780C0C70090CDB5 /* ParraFeedbackDataManager.swift in Sources */,
				00D5155E27D4223D00C4F2CC /* ParraFeedback+Constants.swift in Sources */,
				0036D60427D0477C0016DE97 /* AnswerStorage.swift in Sources */,
				007FBEF4277A34C700BD9E37 /* ParraFeedback+GeneratedTypes.swift in Sources */,
				001286F9277F50B30090CDB5 /* ParraChoiceData.swift in Sources */,
			);
			runOnlyForDeploymentPostprocessing = 0;
		};
		00DECFF1274C69F800DAF301 /* Sources */ = {
			isa = PBXSourcesBuildPhase;
			buildActionMask = 2147483647;
			files = (
				00DECFFD274C69F800DAF301 /* ViewController.swift in Sources */,
				00DECFF9274C69F800DAF301 /* AppDelegate.swift in Sources */,
				00DECFFB274C69F800DAF301 /* SceneDelegate.swift in Sources */,
			);
			runOnlyForDeploymentPostprocessing = 0;
		};
/* End PBXSourcesBuildPhase section */

/* Begin PBXTargetDependency section */
		0012871C2784CDC20090CDB5 /* PBXTargetDependency */ = {
			isa = PBXTargetDependency;
			platformFilter = ios;
			target = 003D2A67274C7798001E067E /* Parra Feedback */;
			targetProxy = 0012871B2784CDC20090CDB5 /* PBXContainerItemProxy */;
		};
		003D2A6D274C7798001E067E /* PBXTargetDependency */ = {
			isa = PBXTargetDependency;
			target = 003D2A67274C7798001E067E /* Parra Feedback */;
			targetProxy = 003D2A6C274C7798001E067E /* PBXContainerItemProxy */;
		};
/* End PBXTargetDependency section */

/* Begin PBXVariantGroup section */
		00DECFFE274C69F800DAF301 /* Main.storyboard */ = {
			isa = PBXVariantGroup;
			children = (
				00DECFFF274C69F800DAF301 /* Base */,
			);
			name = Main.storyboard;
			sourceTree = "<group>";
		};
		00DED003274C69FA00DAF301 /* LaunchScreen.storyboard */ = {
			isa = PBXVariantGroup;
			children = (
				00DED004274C69FA00DAF301 /* Base */,
			);
			name = LaunchScreen.storyboard;
			sourceTree = "<group>";
		};
/* End PBXVariantGroup section */

/* Begin XCBuildConfiguration section */
		0012871D2784CDC20090CDB5 /* Debug */ = {
			isa = XCBuildConfiguration;
			baseConfigurationReference = 9FE2456D43319BCFAB98D2EE /* Pods-Parra Feedback-Parra Feedback Tests.debug.xcconfig */;
			buildSettings = {
				CODE_SIGN_STYLE = Automatic;
				CURRENT_PROJECT_VERSION = 1;
				GENERATE_INFOPLIST_FILE = YES;
				IPHONEOS_DEPLOYMENT_TARGET = 15.2;
				MARKETING_VERSION = 1.0;
				PRODUCT_BUNDLE_IDENTIFIER = "com.parra.Parra-Feedback-Tests";
				PRODUCT_NAME = "$(TARGET_NAME)";
				SWIFT_EMIT_LOC_STRINGS = NO;
				SWIFT_VERSION = 5.0;
				TARGETED_DEVICE_FAMILY = "1,2";
			};
			name = Debug;
		};
		0012871E2784CDC20090CDB5 /* Release */ = {
			isa = XCBuildConfiguration;
			baseConfigurationReference = 6B5E19B94F9C37D2C8D83727 /* Pods-Parra Feedback-Parra Feedback Tests.release.xcconfig */;
			buildSettings = {
				CODE_SIGN_STYLE = Automatic;
				CURRENT_PROJECT_VERSION = 1;
				GENERATE_INFOPLIST_FILE = YES;
				IPHONEOS_DEPLOYMENT_TARGET = 15.2;
				MARKETING_VERSION = 1.0;
				PRODUCT_BUNDLE_IDENTIFIER = "com.parra.Parra-Feedback-Tests";
				PRODUCT_NAME = "$(TARGET_NAME)";
				SWIFT_EMIT_LOC_STRINGS = NO;
				SWIFT_VERSION = 5.0;
				TARGETED_DEVICE_FAMILY = "1,2";
			};
			name = Release;
		};
		003D2A71274C7798001E067E /* Debug */ = {
			isa = XCBuildConfiguration;
			baseConfigurationReference = 2A217E270D66BD247EA12161 /* Pods-Parra Feedback.debug.xcconfig */;
			buildSettings = {
				ALWAYS_EMBED_SWIFT_STANDARD_LIBRARIES = YES;
				CLANG_ENABLE_MODULES = YES;
				CODE_SIGN_STYLE = Automatic;
				CURRENT_PROJECT_VERSION = 1;
				DEFINES_MODULE = YES;
				DYLIB_COMPATIBILITY_VERSION = 1;
				DYLIB_CURRENT_VERSION = 1;
				DYLIB_INSTALL_NAME_BASE = "@rpath";
				GENERATE_INFOPLIST_FILE = YES;
				INFOPLIST_KEY_NSHumanReadableCopyright = "";
				INSTALL_PATH = "$(LOCAL_LIBRARY_DIR)/Frameworks";
				IPHONEOS_DEPLOYMENT_TARGET = 13.0;
				LD_RUNPATH_SEARCH_PATHS = (
					"$(inherited)",
					"@executable_path/Frameworks",
					"@loader_path/Frameworks",
				);
				LIBRARY_SEARCH_PATHS = (
					"$(inherited)",
					"$(SDKROOT)/usr/lib/swift",
				);
				MARKETING_VERSION = 1.0;
				PRODUCT_BUNDLE_IDENTIFIER = "com.parra.Parra-Feedback";
				PRODUCT_NAME = ParraFeedback;
				SKIP_INSTALL = YES;
				SUPPORTS_MACCATALYST = NO;
				SWIFT_EMIT_LOC_STRINGS = YES;
				SWIFT_OPTIMIZATION_LEVEL = "-Onone";
				SWIFT_VERSION = 5.0;
				TARGETED_DEVICE_FAMILY = "1,2";
				VERSIONING_SYSTEM = "apple-generic";
				VERSION_INFO_PREFIX = "";
			};
			name = Debug;
		};
		003D2A72274C7798001E067E /* Release */ = {
			isa = XCBuildConfiguration;
			baseConfigurationReference = 8432A365EACB1E66B116F9B7 /* Pods-Parra Feedback.release.xcconfig */;
			buildSettings = {
				ALWAYS_EMBED_SWIFT_STANDARD_LIBRARIES = YES;
				CLANG_ENABLE_MODULES = YES;
				CODE_SIGN_STYLE = Automatic;
				CURRENT_PROJECT_VERSION = 1;
				DEFINES_MODULE = YES;
				DYLIB_COMPATIBILITY_VERSION = 1;
				DYLIB_CURRENT_VERSION = 1;
				DYLIB_INSTALL_NAME_BASE = "@rpath";
				GENERATE_INFOPLIST_FILE = YES;
				INFOPLIST_KEY_NSHumanReadableCopyright = "";
				INSTALL_PATH = "$(LOCAL_LIBRARY_DIR)/Frameworks";
				IPHONEOS_DEPLOYMENT_TARGET = 13.0;
				LD_RUNPATH_SEARCH_PATHS = (
					"$(inherited)",
					"@executable_path/Frameworks",
					"@loader_path/Frameworks",
				);
				LIBRARY_SEARCH_PATHS = (
					"$(inherited)",
					"$(SDKROOT)/usr/lib/swift",
				);
				MARKETING_VERSION = 1.0;
				PRODUCT_BUNDLE_IDENTIFIER = "com.parra.Parra-Feedback";
				PRODUCT_NAME = ParraFeedback;
				SKIP_INSTALL = YES;
				SUPPORTS_MACCATALYST = NO;
				SWIFT_EMIT_LOC_STRINGS = YES;
				SWIFT_VERSION = 5.0;
				TARGETED_DEVICE_FAMILY = "1,2";
				VERSIONING_SYSTEM = "apple-generic";
				VERSION_INFO_PREFIX = "";
			};
			name = Release;
		};
		00DED007274C69FA00DAF301 /* Debug */ = {
			isa = XCBuildConfiguration;
			buildSettings = {
				ALWAYS_EMBED_SWIFT_STANDARD_LIBRARIES = YES;
				ALWAYS_SEARCH_USER_PATHS = NO;
				CLANG_ANALYZER_NONNULL = YES;
				CLANG_ANALYZER_NUMBER_OBJECT_CONVERSION = YES_AGGRESSIVE;
				CLANG_CXX_LANGUAGE_STANDARD = "gnu++17";
				CLANG_CXX_LIBRARY = "libc++";
				CLANG_ENABLE_MODULES = YES;
				CLANG_ENABLE_OBJC_ARC = YES;
				CLANG_ENABLE_OBJC_WEAK = YES;
				CLANG_WARN_BLOCK_CAPTURE_AUTORELEASING = YES;
				CLANG_WARN_BOOL_CONVERSION = YES;
				CLANG_WARN_COMMA = YES;
				CLANG_WARN_CONSTANT_CONVERSION = YES;
				CLANG_WARN_DEPRECATED_OBJC_IMPLEMENTATIONS = YES;
				CLANG_WARN_DIRECT_OBJC_ISA_USAGE = YES_ERROR;
				CLANG_WARN_DOCUMENTATION_COMMENTS = YES;
				CLANG_WARN_EMPTY_BODY = YES;
				CLANG_WARN_ENUM_CONVERSION = YES;
				CLANG_WARN_INFINITE_RECURSION = YES;
				CLANG_WARN_INT_CONVERSION = YES;
				CLANG_WARN_NON_LITERAL_NULL_CONVERSION = YES;
				CLANG_WARN_OBJC_IMPLICIT_RETAIN_SELF = YES;
				CLANG_WARN_OBJC_LITERAL_CONVERSION = YES;
				CLANG_WARN_OBJC_ROOT_CLASS = YES_ERROR;
				CLANG_WARN_QUOTED_INCLUDE_IN_FRAMEWORK_HEADER = YES;
				CLANG_WARN_RANGE_LOOP_ANALYSIS = YES;
				CLANG_WARN_STRICT_PROTOTYPES = YES;
				CLANG_WARN_SUSPICIOUS_MOVE = YES;
				CLANG_WARN_UNGUARDED_AVAILABILITY = YES_AGGRESSIVE;
				CLANG_WARN_UNREACHABLE_CODE = YES;
				CLANG_WARN__DUPLICATE_METHOD_MATCH = YES;
				COPY_PHASE_STRIP = NO;
				DEBUG_INFORMATION_FORMAT = dwarf;
				ENABLE_STRICT_OBJC_MSGSEND = YES;
				ENABLE_TESTABILITY = YES;
				GCC_C_LANGUAGE_STANDARD = gnu11;
				GCC_DYNAMIC_NO_PIC = NO;
				GCC_NO_COMMON_BLOCKS = YES;
				GCC_OPTIMIZATION_LEVEL = 0;
				GCC_PREPROCESSOR_DEFINITIONS = (
					"DEBUG=1",
					"$(inherited)",
				);
				GCC_WARN_64_TO_32_BIT_CONVERSION = YES;
				GCC_WARN_ABOUT_RETURN_TYPE = YES_ERROR;
				GCC_WARN_UNDECLARED_SELECTOR = YES;
				GCC_WARN_UNINITIALIZED_AUTOS = YES_AGGRESSIVE;
				GCC_WARN_UNUSED_FUNCTION = YES;
				GCC_WARN_UNUSED_VARIABLE = YES;
				IPHONEOS_DEPLOYMENT_TARGET = 13.0;
				MTL_ENABLE_DEBUG_INFO = INCLUDE_SOURCE;
				MTL_FAST_MATH = YES;
				ONLY_ACTIVE_ARCH = YES;
				SDKROOT = iphoneos;
				SWIFT_ACTIVE_COMPILATION_CONDITIONS = DEBUG;
				SWIFT_OPTIMIZATION_LEVEL = "-Onone";
			};
			name = Debug;
		};
		00DED008274C69FA00DAF301 /* Release */ = {
			isa = XCBuildConfiguration;
			buildSettings = {
				ALWAYS_EMBED_SWIFT_STANDARD_LIBRARIES = YES;
				ALWAYS_SEARCH_USER_PATHS = NO;
				CLANG_ANALYZER_NONNULL = YES;
				CLANG_ANALYZER_NUMBER_OBJECT_CONVERSION = YES_AGGRESSIVE;
				CLANG_CXX_LANGUAGE_STANDARD = "gnu++17";
				CLANG_CXX_LIBRARY = "libc++";
				CLANG_ENABLE_MODULES = YES;
				CLANG_ENABLE_OBJC_ARC = YES;
				CLANG_ENABLE_OBJC_WEAK = YES;
				CLANG_WARN_BLOCK_CAPTURE_AUTORELEASING = YES;
				CLANG_WARN_BOOL_CONVERSION = YES;
				CLANG_WARN_COMMA = YES;
				CLANG_WARN_CONSTANT_CONVERSION = YES;
				CLANG_WARN_DEPRECATED_OBJC_IMPLEMENTATIONS = YES;
				CLANG_WARN_DIRECT_OBJC_ISA_USAGE = YES_ERROR;
				CLANG_WARN_DOCUMENTATION_COMMENTS = YES;
				CLANG_WARN_EMPTY_BODY = YES;
				CLANG_WARN_ENUM_CONVERSION = YES;
				CLANG_WARN_INFINITE_RECURSION = YES;
				CLANG_WARN_INT_CONVERSION = YES;
				CLANG_WARN_NON_LITERAL_NULL_CONVERSION = YES;
				CLANG_WARN_OBJC_IMPLICIT_RETAIN_SELF = YES;
				CLANG_WARN_OBJC_LITERAL_CONVERSION = YES;
				CLANG_WARN_OBJC_ROOT_CLASS = YES_ERROR;
				CLANG_WARN_QUOTED_INCLUDE_IN_FRAMEWORK_HEADER = YES;
				CLANG_WARN_RANGE_LOOP_ANALYSIS = YES;
				CLANG_WARN_STRICT_PROTOTYPES = YES;
				CLANG_WARN_SUSPICIOUS_MOVE = YES;
				CLANG_WARN_UNGUARDED_AVAILABILITY = YES_AGGRESSIVE;
				CLANG_WARN_UNREACHABLE_CODE = YES;
				CLANG_WARN__DUPLICATE_METHOD_MATCH = YES;
				COPY_PHASE_STRIP = NO;
				DEBUG_INFORMATION_FORMAT = "dwarf-with-dsym";
				ENABLE_NS_ASSERTIONS = NO;
				ENABLE_STRICT_OBJC_MSGSEND = YES;
				GCC_C_LANGUAGE_STANDARD = gnu11;
				GCC_NO_COMMON_BLOCKS = YES;
				GCC_WARN_64_TO_32_BIT_CONVERSION = YES;
				GCC_WARN_ABOUT_RETURN_TYPE = YES_ERROR;
				GCC_WARN_UNDECLARED_SELECTOR = YES;
				GCC_WARN_UNINITIALIZED_AUTOS = YES_AGGRESSIVE;
				GCC_WARN_UNUSED_FUNCTION = YES;
				GCC_WARN_UNUSED_VARIABLE = YES;
				IPHONEOS_DEPLOYMENT_TARGET = 13.0;
				MTL_ENABLE_DEBUG_INFO = NO;
				MTL_FAST_MATH = YES;
				SDKROOT = iphoneos;
				SWIFT_COMPILATION_MODE = wholemodule;
				SWIFT_OPTIMIZATION_LEVEL = "-O";
				VALIDATE_PRODUCT = YES;
			};
			name = Release;
		};
		00DED00A274C69FA00DAF301 /* Debug */ = {
			isa = XCBuildConfiguration;
			baseConfigurationReference = E4E9A3C6C190B71277480124 /* Pods-Parra Feedback SDK Demo.debug.xcconfig */;
			buildSettings = {
				ALWAYS_EMBED_SWIFT_STANDARD_LIBRARIES = YES;
				ASSETCATALOG_COMPILER_APPICON_NAME = AppIcon;
				ASSETCATALOG_COMPILER_GLOBAL_ACCENT_COLOR_NAME = AccentColor;
				CODE_SIGN_STYLE = Automatic;
				CURRENT_PROJECT_VERSION = 1;
				GENERATE_INFOPLIST_FILE = YES;
				INFOPLIST_FILE = "Parra Feedback SDK Demo/Info.plist";
				INFOPLIST_KEY_UIApplicationSupportsIndirectInputEvents = YES;
				INFOPLIST_KEY_UILaunchStoryboardName = LaunchScreen;
				INFOPLIST_KEY_UIMainStoryboardFile = Main;
				INFOPLIST_KEY_UISupportedInterfaceOrientations_iPad = "UIInterfaceOrientationPortrait UIInterfaceOrientationPortraitUpsideDown UIInterfaceOrientationLandscapeLeft UIInterfaceOrientationLandscapeRight";
				INFOPLIST_KEY_UISupportedInterfaceOrientations_iPhone = "UIInterfaceOrientationPortrait UIInterfaceOrientationLandscapeLeft UIInterfaceOrientationLandscapeRight";
				IPHONEOS_DEPLOYMENT_TARGET = 13.0;
				LD_RUNPATH_SEARCH_PATHS = (
					"$(inherited)",
					"@executable_path/Frameworks",
				);
				MARKETING_VERSION = 1.0;
				PRODUCT_BUNDLE_IDENTIFIER = "com.parra.parra-feedback-sdk-demo";
				PRODUCT_NAME = "$(TARGET_NAME)";
				SWIFT_EMIT_LOC_STRINGS = YES;
				SWIFT_VERSION = 5.0;
				TARGETED_DEVICE_FAMILY = "1,2";
			};
			name = Debug;
		};
		00DED00B274C69FA00DAF301 /* Release */ = {
			isa = XCBuildConfiguration;
			baseConfigurationReference = 819BB918A1E17EB6B804A30F /* Pods-Parra Feedback SDK Demo.release.xcconfig */;
			buildSettings = {
				ALWAYS_EMBED_SWIFT_STANDARD_LIBRARIES = YES;
				ASSETCATALOG_COMPILER_APPICON_NAME = AppIcon;
				ASSETCATALOG_COMPILER_GLOBAL_ACCENT_COLOR_NAME = AccentColor;
				CODE_SIGN_STYLE = Automatic;
				CURRENT_PROJECT_VERSION = 1;
				GENERATE_INFOPLIST_FILE = YES;
				INFOPLIST_FILE = "Parra Feedback SDK Demo/Info.plist";
				INFOPLIST_KEY_UIApplicationSupportsIndirectInputEvents = YES;
				INFOPLIST_KEY_UILaunchStoryboardName = LaunchScreen;
				INFOPLIST_KEY_UIMainStoryboardFile = Main;
				INFOPLIST_KEY_UISupportedInterfaceOrientations_iPad = "UIInterfaceOrientationPortrait UIInterfaceOrientationPortraitUpsideDown UIInterfaceOrientationLandscapeLeft UIInterfaceOrientationLandscapeRight";
				INFOPLIST_KEY_UISupportedInterfaceOrientations_iPhone = "UIInterfaceOrientationPortrait UIInterfaceOrientationLandscapeLeft UIInterfaceOrientationLandscapeRight";
				IPHONEOS_DEPLOYMENT_TARGET = 13.0;
				LD_RUNPATH_SEARCH_PATHS = (
					"$(inherited)",
					"@executable_path/Frameworks",
				);
				MARKETING_VERSION = 1.0;
				PRODUCT_BUNDLE_IDENTIFIER = "com.parra.parra-feedback-sdk-demo";
				PRODUCT_NAME = "$(TARGET_NAME)";
				SWIFT_EMIT_LOC_STRINGS = YES;
				SWIFT_VERSION = 5.0;
				TARGETED_DEVICE_FAMILY = "1,2";
			};
			name = Release;
		};
/* End XCBuildConfiguration section */

/* Begin XCConfigurationList section */
		0012871F2784CDC20090CDB5 /* Build configuration list for PBXNativeTarget "Parra Feedback Tests" */ = {
			isa = XCConfigurationList;
			buildConfigurations = (
				0012871D2784CDC20090CDB5 /* Debug */,
				0012871E2784CDC20090CDB5 /* Release */,
			);
			defaultConfigurationIsVisible = 0;
			defaultConfigurationName = Release;
		};
		003D2A70274C7798001E067E /* Build configuration list for PBXNativeTarget "Parra Feedback" */ = {
			isa = XCConfigurationList;
			buildConfigurations = (
				003D2A71274C7798001E067E /* Debug */,
				003D2A72274C7798001E067E /* Release */,
			);
			defaultConfigurationIsVisible = 0;
			defaultConfigurationName = Release;
		};
		00DECFF0274C69F800DAF301 /* Build configuration list for PBXProject "Parra Feedback SDK Demo" */ = {
			isa = XCConfigurationList;
			buildConfigurations = (
				00DED007274C69FA00DAF301 /* Debug */,
				00DED008274C69FA00DAF301 /* Release */,
			);
			defaultConfigurationIsVisible = 0;
			defaultConfigurationName = Release;
		};
		00DED009274C69FA00DAF301 /* Build configuration list for PBXNativeTarget "Parra Feedback SDK Demo" */ = {
			isa = XCConfigurationList;
			buildConfigurations = (
				00DED00A274C69FA00DAF301 /* Debug */,
				00DED00B274C69FA00DAF301 /* Release */,
			);
			defaultConfigurationIsVisible = 0;
			defaultConfigurationName = Release;
		};
/* End XCConfigurationList section */
	};
	rootObject = 00DECFED274C69F800DAF301 /* Project object */;
}
