// !$*UTF8*$!
{
	archiveVersion = 1;
	classes = {
	};
	objectVersion = 60;
	objects = {

/* Begin PBXBuildFile section */
		0012B83A2C5C66400001F11D /* Parra in Frameworks */ = {isa = PBXBuildFile; productRef = 0012B8392C5C66400001F11D /* Parra */; };
		002BC29C2C5BCAE20022F37E /* Parra in Frameworks */ = {isa = PBXBuildFile; productRef = 002BC29B2C5BCAE20022F37E /* Parra */; };
		0063024B2C5C1FE8006BB9DC /* SampleTab.swift in Sources */ = {isa = PBXBuildFile; fileRef = 006302482C5C1FE8006BB9DC /* SampleTab.swift */; };
		0063024C2C5C1FE8006BB9DC /* App.swift in Sources */ = {isa = PBXBuildFile; fileRef = 006302492C5C1FE8006BB9DC /* App.swift */; };
		006302622C5C2022006BB9DC /* AccountHeader.swift in Sources */ = {isa = PBXBuildFile; fileRef = 0063024E2C5C2022006BB9DC /* AccountHeader.swift */; };
		006302632C5C2022006BB9DC /* AccountView.swift in Sources */ = {isa = PBXBuildFile; fileRef = 0063024F2C5C2022006BB9DC /* AccountView.swift */; };
		006302642C5C2022006BB9DC /* ChangePasswordCell.swift in Sources */ = {isa = PBXBuildFile; fileRef = 006302502C5C2022006BB9DC /* ChangePasswordCell.swift */; };
		006302652C5C2022006BB9DC /* DeleteAccountCell.swift in Sources */ = {isa = PBXBuildFile; fileRef = 006302512C5C2022006BB9DC /* DeleteAccountCell.swift */; };
		006302662C5C2022006BB9DC /* LogoutCell.swift in Sources */ = {isa = PBXBuildFile; fileRef = 006302522C5C2022006BB9DC /* LogoutCell.swift */; };
		006302672C5C2022006BB9DC /* ChangelogCell.swift in Sources */ = {isa = PBXBuildFile; fileRef = 006302542C5C2022006BB9DC /* ChangelogCell.swift */; };
		006302682C5C2022006BB9DC /* FeedbackCell.swift in Sources */ = {isa = PBXBuildFile; fileRef = 006302552C5C2022006BB9DC /* FeedbackCell.swift */; };
		006302692C5C2022006BB9DC /* LatestReleaseCell.swift in Sources */ = {isa = PBXBuildFile; fileRef = 006302562C5C2022006BB9DC /* LatestReleaseCell.swift */; };
		0063026A2C5C2022006BB9DC /* ProfileCell.swift in Sources */ = {isa = PBXBuildFile; fileRef = 006302572C5C2022006BB9DC /* ProfileCell.swift */; };
		0063026B2C5C2022006BB9DC /* ReviewAppCell.swift in Sources */ = {isa = PBXBuildFile; fileRef = 006302582C5C2022006BB9DC /* ReviewAppCell.swift */; };
		0063026C2C5C2022006BB9DC /* RoadmapCell.swift in Sources */ = {isa = PBXBuildFile; fileRef = 006302592C5C2022006BB9DC /* RoadmapCell.swift */; };
		0063026D2C5C2022006BB9DC /* ShareCell.swift in Sources */ = {isa = PBXBuildFile; fileRef = 0063025A2C5C2022006BB9DC /* ShareCell.swift */; };
		0063026E2C5C2022006BB9DC /* ThemeCell.swift in Sources */ = {isa = PBXBuildFile; fileRef = 0063025B2C5C2022006BB9DC /* ThemeCell.swift */; };
		0063026F2C5C2022006BB9DC /* EditProfileView.swift in Sources */ = {isa = PBXBuildFile; fileRef = 0063025D2C5C2022006BB9DC /* EditProfileView.swift */; };
		006302702C5C2022006BB9DC /* SettingsFooter.swift in Sources */ = {isa = PBXBuildFile; fileRef = 0063025F2C5C2022006BB9DC /* SettingsFooter.swift */; };
		006302712C5C2022006BB9DC /* SettingsTab.swift in Sources */ = {isa = PBXBuildFile; fileRef = 006302602C5C2022006BB9DC /* SettingsTab.swift */; };
		00727F4C2C5AE43D00973122 /* ContentView.swift in Sources */ = {isa = PBXBuildFile; fileRef = 00727F4B2C5AE43D00973122 /* ContentView.swift */; };
		00727F4E2C5AE43D00973122 /* Assets.xcassets in Resources */ = {isa = PBXBuildFile; fileRef = 00727F4D2C5AE43D00973122 /* Assets.xcassets */; };
		00727F522C5AE43D00973122 /* Preview Assets.xcassets in Resources */ = {isa = PBXBuildFile; fileRef = 00727F512C5AE43D00973122 /* Preview Assets.xcassets */; };
/* End PBXBuildFile section */

/* Begin PBXFileReference section */
		006302482C5C1FE8006BB9DC /* SampleTab.swift */ = {isa = PBXFileReference; fileEncoding = 4; lastKnownFileType = sourcecode.swift; path = SampleTab.swift; sourceTree = "<group>"; };
		006302492C5C1FE8006BB9DC /* App.swift */ = {isa = PBXFileReference; fileEncoding = 4; lastKnownFileType = sourcecode.swift; path = App.swift; sourceTree = "<group>"; };
		0063024E2C5C2022006BB9DC /* AccountHeader.swift */ = {isa = PBXFileReference; fileEncoding = 4; lastKnownFileType = sourcecode.swift; path = AccountHeader.swift; sourceTree = "<group>"; };
		0063024F2C5C2022006BB9DC /* AccountView.swift */ = {isa = PBXFileReference; fileEncoding = 4; lastKnownFileType = sourcecode.swift; path = AccountView.swift; sourceTree = "<group>"; };
		006302502C5C2022006BB9DC /* ChangePasswordCell.swift */ = {isa = PBXFileReference; fileEncoding = 4; lastKnownFileType = sourcecode.swift; path = ChangePasswordCell.swift; sourceTree = "<group>"; };
		006302512C5C2022006BB9DC /* DeleteAccountCell.swift */ = {isa = PBXFileReference; fileEncoding = 4; lastKnownFileType = sourcecode.swift; path = DeleteAccountCell.swift; sourceTree = "<group>"; };
		006302522C5C2022006BB9DC /* LogoutCell.swift */ = {isa = PBXFileReference; fileEncoding = 4; lastKnownFileType = sourcecode.swift; path = LogoutCell.swift; sourceTree = "<group>"; };
		006302542C5C2022006BB9DC /* ChangelogCell.swift */ = {isa = PBXFileReference; fileEncoding = 4; lastKnownFileType = sourcecode.swift; path = ChangelogCell.swift; sourceTree = "<group>"; };
		006302552C5C2022006BB9DC /* FeedbackCell.swift */ = {isa = PBXFileReference; fileEncoding = 4; lastKnownFileType = sourcecode.swift; path = FeedbackCell.swift; sourceTree = "<group>"; };
		006302562C5C2022006BB9DC /* LatestReleaseCell.swift */ = {isa = PBXFileReference; fileEncoding = 4; lastKnownFileType = sourcecode.swift; path = LatestReleaseCell.swift; sourceTree = "<group>"; };
		006302572C5C2022006BB9DC /* ProfileCell.swift */ = {isa = PBXFileReference; fileEncoding = 4; lastKnownFileType = sourcecode.swift; path = ProfileCell.swift; sourceTree = "<group>"; };
		006302582C5C2022006BB9DC /* ReviewAppCell.swift */ = {isa = PBXFileReference; fileEncoding = 4; lastKnownFileType = sourcecode.swift; path = ReviewAppCell.swift; sourceTree = "<group>"; };
		006302592C5C2022006BB9DC /* RoadmapCell.swift */ = {isa = PBXFileReference; fileEncoding = 4; lastKnownFileType = sourcecode.swift; path = RoadmapCell.swift; sourceTree = "<group>"; };
		0063025A2C5C2022006BB9DC /* ShareCell.swift */ = {isa = PBXFileReference; fileEncoding = 4; lastKnownFileType = sourcecode.swift; path = ShareCell.swift; sourceTree = "<group>"; };
		0063025B2C5C2022006BB9DC /* ThemeCell.swift */ = {isa = PBXFileReference; fileEncoding = 4; lastKnownFileType = sourcecode.swift; path = ThemeCell.swift; sourceTree = "<group>"; };
		0063025D2C5C2022006BB9DC /* EditProfileView.swift */ = {isa = PBXFileReference; fileEncoding = 4; lastKnownFileType = sourcecode.swift; path = EditProfileView.swift; sourceTree = "<group>"; };
		0063025F2C5C2022006BB9DC /* SettingsFooter.swift */ = {isa = PBXFileReference; fileEncoding = 4; lastKnownFileType = sourcecode.swift; path = SettingsFooter.swift; sourceTree = "<group>"; };
		006302602C5C2022006BB9DC /* SettingsTab.swift */ = {isa = PBXFileReference; fileEncoding = 4; lastKnownFileType = sourcecode.swift; path = SettingsTab.swift; sourceTree = "<group>"; };
		00727F462C5AE43D00973122 /* ParraDev.app */ = {isa = PBXFileReference; explicitFileType = wrapper.application; includeInIndex = 0; path = ParraDev.app; sourceTree = BUILT_PRODUCTS_DIR; };
		00727F4B2C5AE43D00973122 /* ContentView.swift */ = {isa = PBXFileReference; lastKnownFileType = sourcecode.swift; path = ContentView.swift; sourceTree = "<group>"; };
		00727F4D2C5AE43D00973122 /* Assets.xcassets */ = {isa = PBXFileReference; lastKnownFileType = folder.assetcatalog; path = Assets.xcassets; sourceTree = "<group>"; };
		00727F4F2C5AE43D00973122 /* ParraDev.entitlements */ = {isa = PBXFileReference; lastKnownFileType = text.plist.entitlements; path = ParraDev.entitlements; sourceTree = "<group>"; };
		00727F512C5AE43D00973122 /* Preview Assets.xcassets */ = {isa = PBXFileReference; lastKnownFileType = folder.assetcatalog; path = "Preview Assets.xcassets"; sourceTree = "<group>"; };
/* End PBXFileReference section */

/* Begin PBXFrameworksBuildPhase section */
		00727F432C5AE43D00973122 /* Frameworks */ = {
			isa = PBXFrameworksBuildPhase;
			buildActionMask = 2147483647;
			files = (
				002BC29C2C5BCAE20022F37E /* Parra in Frameworks */,
				0012B83A2C5C66400001F11D /* Parra in Frameworks */,
			);
			runOnlyForDeploymentPostprocessing = 0;
		};
/* End PBXFrameworksBuildPhase section */

/* Begin PBXGroup section */
		006302532C5C2022006BB9DC /* Account Screen */ = {
			isa = PBXGroup;
			children = (
				0063024E2C5C2022006BB9DC /* AccountHeader.swift */,
				0063024F2C5C2022006BB9DC /* AccountView.swift */,
				006302502C5C2022006BB9DC /* ChangePasswordCell.swift */,
				006302512C5C2022006BB9DC /* DeleteAccountCell.swift */,
				006302522C5C2022006BB9DC /* LogoutCell.swift */,
			);
			path = "Account Screen";
			sourceTree = "<group>";
		};
		0063025C2C5C2022006BB9DC /* Cells */ = {
			isa = PBXGroup;
			children = (
				006302542C5C2022006BB9DC /* ChangelogCell.swift */,
				006302552C5C2022006BB9DC /* FeedbackCell.swift */,
				006302562C5C2022006BB9DC /* LatestReleaseCell.swift */,
				006302572C5C2022006BB9DC /* ProfileCell.swift */,
				006302582C5C2022006BB9DC /* ReviewAppCell.swift */,
				006302592C5C2022006BB9DC /* RoadmapCell.swift */,
				0063025A2C5C2022006BB9DC /* ShareCell.swift */,
				0063025B2C5C2022006BB9DC /* ThemeCell.swift */,
			);
			path = Cells;
			sourceTree = "<group>";
		};
		0063025E2C5C2022006BB9DC /* Edit Profile Screen */ = {
			isa = PBXGroup;
			children = (
				0063025D2C5C2022006BB9DC /* EditProfileView.swift */,
			);
			path = "Edit Profile Screen";
			sourceTree = "<group>";
		};
		006302612C5C2022006BB9DC /* Settings Tab */ = {
			isa = PBXGroup;
			children = (
				006302532C5C2022006BB9DC /* Account Screen */,
				0063025C2C5C2022006BB9DC /* Cells */,
				0063025E2C5C2022006BB9DC /* Edit Profile Screen */,
				0063025F2C5C2022006BB9DC /* SettingsFooter.swift */,
				006302602C5C2022006BB9DC /* SettingsTab.swift */,
			);
			path = "Settings Tab";
			sourceTree = "<group>";
		};
		006302742C5C6511006BB9DC /* Frameworks */ = {
			isa = PBXGroup;
			children = (
			);
			name = Frameworks;
			sourceTree = "<group>";
		};
		00727F3D2C5AE43D00973122 = {
			isa = PBXGroup;
			children = (
				00727F482C5AE43D00973122 /* ParraDev */,
				00727F472C5AE43D00973122 /* Products */,
				006302742C5C6511006BB9DC /* Frameworks */,
			);
			sourceTree = "<group>";
		};
		00727F472C5AE43D00973122 /* Products */ = {
			isa = PBXGroup;
			children = (
				00727F462C5AE43D00973122 /* ParraDev.app */,
			);
			name = Products;
			sourceTree = "<group>";
		};
		00727F482C5AE43D00973122 /* ParraDev */ = {
			isa = PBXGroup;
			children = (
				006302492C5C1FE8006BB9DC /* App.swift */,
				00727F4B2C5AE43D00973122 /* ContentView.swift */,
				006302482C5C1FE8006BB9DC /* SampleTab.swift */,
				006302612C5C2022006BB9DC /* Settings Tab */,
				00727F4D2C5AE43D00973122 /* Assets.xcassets */,
				00727F4F2C5AE43D00973122 /* ParraDev.entitlements */,
				00727F502C5AE43D00973122 /* Preview Content */,
			);
			path = ParraDev;
			sourceTree = "<group>";
		};
		00727F502C5AE43D00973122 /* Preview Content */ = {
			isa = PBXGroup;
			children = (
				00727F512C5AE43D00973122 /* Preview Assets.xcassets */,
			);
			path = "Preview Content";
			sourceTree = "<group>";
		};
/* End PBXGroup section */

/* Begin PBXNativeTarget section */
		00727F452C5AE43D00973122 /* ParraDev */ = {
			isa = PBXNativeTarget;
			buildConfigurationList = 00727F552C5AE43D00973122 /* Build configuration list for PBXNativeTarget "ParraDev" */;
			buildPhases = (
				00727F422C5AE43D00973122 /* Sources */,
				00727F432C5AE43D00973122 /* Frameworks */,
				00727F442C5AE43D00973122 /* Resources */,
			);
			buildRules = (
			);
			dependencies = (
			);
			name = ParraDev;
			packageProductDependencies = (
				002BC29B2C5BCAE20022F37E /* Parra */,
				0012B8392C5C66400001F11D /* Parra */,
			);
			productName = ParraDev;
			productReference = 00727F462C5AE43D00973122 /* ParraDev.app */;
			productType = "com.apple.product-type.application";
		};
/* End PBXNativeTarget section */

/* Begin PBXProject section */
		00727F3E2C5AE43D00973122 /* Project object */ = {
			isa = PBXProject;
			attributes = {
				BuildIndependentTargetsInParallel = 1;
				LastSwiftUpdateCheck = 1540;
				LastUpgradeCheck = 1540;
				TargetAttributes = {
					00727F452C5AE43D00973122 = {
						CreatedOnToolsVersion = 15.4;
					};
				};
			};
			buildConfigurationList = 00727F412C5AE43D00973122 /* Build configuration list for PBXProject "ParraDev" */;
			compatibilityVersion = "Xcode 14.0";
			developmentRegion = en;
			hasScannedForEncodings = 0;
			knownRegions = (
				en,
				Base,
			);
			mainGroup = 00727F3D2C5AE43D00973122;
			packageReferences = (
				0012B8382C5C66400001F11D /* XCLocalSwiftPackageReference "../../parra-mobile-sdks" */,
			);
			productRefGroup = 00727F472C5AE43D00973122 /* Products */;
			projectDirPath = "";
			projectRoot = "";
			targets = (
				00727F452C5AE43D00973122 /* ParraDev */,
			);
		};
/* End PBXProject section */

/* Begin PBXResourcesBuildPhase section */
		00727F442C5AE43D00973122 /* Resources */ = {
			isa = PBXResourcesBuildPhase;
			buildActionMask = 2147483647;
			files = (
				00727F522C5AE43D00973122 /* Preview Assets.xcassets in Resources */,
				00727F4E2C5AE43D00973122 /* Assets.xcassets in Resources */,
			);
			runOnlyForDeploymentPostprocessing = 0;
		};
/* End PBXResourcesBuildPhase section */

/* Begin PBXSourcesBuildPhase section */
		00727F422C5AE43D00973122 /* Sources */ = {
			isa = PBXSourcesBuildPhase;
			buildActionMask = 2147483647;
			files = (
				006302682C5C2022006BB9DC /* FeedbackCell.swift in Sources */,
				0063026F2C5C2022006BB9DC /* EditProfileView.swift in Sources */,
				006302642C5C2022006BB9DC /* ChangePasswordCell.swift in Sources */,
				006302622C5C2022006BB9DC /* AccountHeader.swift in Sources */,
				006302692C5C2022006BB9DC /* LatestReleaseCell.swift in Sources */,
				00727F4C2C5AE43D00973122 /* ContentView.swift in Sources */,
				0063024C2C5C1FE8006BB9DC /* App.swift in Sources */,
				0063026B2C5C2022006BB9DC /* ReviewAppCell.swift in Sources */,
				0063024B2C5C1FE8006BB9DC /* SampleTab.swift in Sources */,
				006302662C5C2022006BB9DC /* LogoutCell.swift in Sources */,
				006302712C5C2022006BB9DC /* SettingsTab.swift in Sources */,
				006302652C5C2022006BB9DC /* DeleteAccountCell.swift in Sources */,
				0063026C2C5C2022006BB9DC /* RoadmapCell.swift in Sources */,
				0063026A2C5C2022006BB9DC /* ProfileCell.swift in Sources */,
				006302672C5C2022006BB9DC /* ChangelogCell.swift in Sources */,
				0063026E2C5C2022006BB9DC /* ThemeCell.swift in Sources */,
				006302702C5C2022006BB9DC /* SettingsFooter.swift in Sources */,
				006302632C5C2022006BB9DC /* AccountView.swift in Sources */,
				0063026D2C5C2022006BB9DC /* ShareCell.swift in Sources */,
			);
			runOnlyForDeploymentPostprocessing = 0;
		};
/* End PBXSourcesBuildPhase section */

/* Begin XCBuildConfiguration section */
		00727F532C5AE43D00973122 /* Debug */ = {
			isa = XCBuildConfiguration;
			buildSettings = {
				ALWAYS_SEARCH_USER_PATHS = NO;
				ASSETCATALOG_COMPILER_GENERATE_SWIFT_ASSET_SYMBOL_EXTENSIONS = YES;
				CLANG_ANALYZER_NONNULL = YES;
				CLANG_ANALYZER_NUMBER_OBJECT_CONVERSION = YES_AGGRESSIVE;
				CLANG_CXX_LANGUAGE_STANDARD = "gnu++20";
				CLANG_ENABLE_MODULES = YES;
				CLANG_ENABLE_OBJC_ARC = YES;
				CLANG_ENABLE_OBJC_WEAK = YES;
				CLANG_WARN_BLOCK_CAPTURE_AUTORELEASING = YES;
				CLANG_WARN_BOOL_CONVERSION = YES;
				CLANG_WARN_COMMA = YES;
				CLANG_WARN_CONSTANT_CONVERSION = YES;
				CLANG_WARN_DEPRECATED_OBJC_IMPLEMENTATIONS = YES;
				CLANG_WARN_DIRECT_OBJC_ISA_USAGE = YES_ERROR;
				CLANG_WARN_DOCUMENTATION_COMMENTS = YES;
				CLANG_WARN_EMPTY_BODY = YES;
				CLANG_WARN_ENUM_CONVERSION = YES;
				CLANG_WARN_INFINITE_RECURSION = YES;
				CLANG_WARN_INT_CONVERSION = YES;
				CLANG_WARN_NON_LITERAL_NULL_CONVERSION = YES;
				CLANG_WARN_OBJC_IMPLICIT_RETAIN_SELF = YES;
				CLANG_WARN_OBJC_LITERAL_CONVERSION = YES;
				CLANG_WARN_OBJC_ROOT_CLASS = YES_ERROR;
				CLANG_WARN_QUOTED_INCLUDE_IN_FRAMEWORK_HEADER = YES;
				CLANG_WARN_RANGE_LOOP_ANALYSIS = YES;
				CLANG_WARN_STRICT_PROTOTYPES = YES;
				CLANG_WARN_SUSPICIOUS_MOVE = YES;
				CLANG_WARN_UNGUARDED_AVAILABILITY = YES_AGGRESSIVE;
				CLANG_WARN_UNREACHABLE_CODE = YES;
				CLANG_WARN__DUPLICATE_METHOD_MATCH = YES;
				COPY_PHASE_STRIP = NO;
				DEBUG_INFORMATION_FORMAT = dwarf;
				ENABLE_STRICT_OBJC_MSGSEND = YES;
				ENABLE_TESTABILITY = YES;
				ENABLE_USER_SCRIPT_SANDBOXING = YES;
				GCC_C_LANGUAGE_STANDARD = gnu17;
				GCC_DYNAMIC_NO_PIC = NO;
				GCC_NO_COMMON_BLOCKS = YES;
				GCC_OPTIMIZATION_LEVEL = 0;
				GCC_PREPROCESSOR_DEFINITIONS = (
					"DEBUG=1",
					"$(inherited)",
				);
				GCC_WARN_64_TO_32_BIT_CONVERSION = YES;
				GCC_WARN_ABOUT_RETURN_TYPE = YES_ERROR;
				GCC_WARN_UNDECLARED_SELECTOR = YES;
				GCC_WARN_UNINITIALIZED_AUTOS = YES_AGGRESSIVE;
				GCC_WARN_UNUSED_FUNCTION = YES;
				GCC_WARN_UNUSED_VARIABLE = YES;
				LOCALIZATION_PREFERS_STRING_CATALOGS = YES;
				MTL_ENABLE_DEBUG_INFO = INCLUDE_SOURCE;
				MTL_FAST_MATH = YES;
				ONLY_ACTIVE_ARCH = YES;
				SWIFT_ACTIVE_COMPILATION_CONDITIONS = "DEBUG $(inherited)";
				SWIFT_OPTIMIZATION_LEVEL = "-Onone";
			};
			name = Debug;
		};
		00727F542C5AE43D00973122 /* Release */ = {
			isa = XCBuildConfiguration;
			buildSettings = {
				ALWAYS_SEARCH_USER_PATHS = NO;
				ASSETCATALOG_COMPILER_GENERATE_SWIFT_ASSET_SYMBOL_EXTENSIONS = YES;
				CLANG_ANALYZER_NONNULL = YES;
				CLANG_ANALYZER_NUMBER_OBJECT_CONVERSION = YES_AGGRESSIVE;
				CLANG_CXX_LANGUAGE_STANDARD = "gnu++20";
				CLANG_ENABLE_MODULES = YES;
				CLANG_ENABLE_OBJC_ARC = YES;
				CLANG_ENABLE_OBJC_WEAK = YES;
				CLANG_WARN_BLOCK_CAPTURE_AUTORELEASING = YES;
				CLANG_WARN_BOOL_CONVERSION = YES;
				CLANG_WARN_COMMA = YES;
				CLANG_WARN_CONSTANT_CONVERSION = YES;
				CLANG_WARN_DEPRECATED_OBJC_IMPLEMENTATIONS = YES;
				CLANG_WARN_DIRECT_OBJC_ISA_USAGE = YES_ERROR;
				CLANG_WARN_DOCUMENTATION_COMMENTS = YES;
				CLANG_WARN_EMPTY_BODY = YES;
				CLANG_WARN_ENUM_CONVERSION = YES;
				CLANG_WARN_INFINITE_RECURSION = YES;
				CLANG_WARN_INT_CONVERSION = YES;
				CLANG_WARN_NON_LITERAL_NULL_CONVERSION = YES;
				CLANG_WARN_OBJC_IMPLICIT_RETAIN_SELF = YES;
				CLANG_WARN_OBJC_LITERAL_CONVERSION = YES;
				CLANG_WARN_OBJC_ROOT_CLASS = YES_ERROR;
				CLANG_WARN_QUOTED_INCLUDE_IN_FRAMEWORK_HEADER = YES;
				CLANG_WARN_RANGE_LOOP_ANALYSIS = YES;
				CLANG_WARN_STRICT_PROTOTYPES = YES;
				CLANG_WARN_SUSPICIOUS_MOVE = YES;
				CLANG_WARN_UNGUARDED_AVAILABILITY = YES_AGGRESSIVE;
				CLANG_WARN_UNREACHABLE_CODE = YES;
				CLANG_WARN__DUPLICATE_METHOD_MATCH = YES;
				COPY_PHASE_STRIP = NO;
				DEBUG_INFORMATION_FORMAT = "dwarf-with-dsym";
				ENABLE_NS_ASSERTIONS = NO;
				ENABLE_STRICT_OBJC_MSGSEND = YES;
				ENABLE_USER_SCRIPT_SANDBOXING = YES;
				GCC_C_LANGUAGE_STANDARD = gnu17;
				GCC_NO_COMMON_BLOCKS = YES;
				GCC_WARN_64_TO_32_BIT_CONVERSION = YES;
				GCC_WARN_ABOUT_RETURN_TYPE = YES_ERROR;
				GCC_WARN_UNDECLARED_SELECTOR = YES;
				GCC_WARN_UNINITIALIZED_AUTOS = YES_AGGRESSIVE;
				GCC_WARN_UNUSED_FUNCTION = YES;
				GCC_WARN_UNUSED_VARIABLE = YES;
				LOCALIZATION_PREFERS_STRING_CATALOGS = YES;
				MTL_ENABLE_DEBUG_INFO = NO;
				MTL_FAST_MATH = YES;
				SWIFT_COMPILATION_MODE = wholemodule;
			};
			name = Release;
		};
		00727F562C5AE43D00973122 /* Debug */ = {
			isa = XCBuildConfiguration;
			buildSettings = {
				ASSETCATALOG_COMPILER_APPICON_NAME = AppIcon;
				ASSETCATALOG_COMPILER_GLOBAL_ACCENT_COLOR_NAME = AccentColor;
				CODE_SIGN_ENTITLEMENTS = ParraDev/ParraDev.entitlements;
				CODE_SIGN_IDENTITY = "Apple Development";
				CODE_SIGN_STYLE = Automatic;
				CURRENT_PROJECT_VERSION = 1;
				DEVELOPMENT_ASSET_PATHS = "\"ParraDev/Preview Content\"";
				DEVELOPMENT_TEAM = 6D44Q764PG;
				ENABLE_PREVIEWS = YES;
				GENERATE_INFOPLIST_FILE = YES;
				"INFOPLIST_KEY_UIApplicationSceneManifest_Generation[sdk=iphoneos*]" = YES;
				"INFOPLIST_KEY_UIApplicationSceneManifest_Generation[sdk=iphonesimulator*]" = YES;
				"INFOPLIST_KEY_UIApplicationSupportsIndirectInputEvents[sdk=iphoneos*]" = YES;
				"INFOPLIST_KEY_UIApplicationSupportsIndirectInputEvents[sdk=iphonesimulator*]" = YES;
				"INFOPLIST_KEY_UILaunchScreen_Generation[sdk=iphoneos*]" = YES;
				"INFOPLIST_KEY_UILaunchScreen_Generation[sdk=iphonesimulator*]" = YES;
				"INFOPLIST_KEY_UIStatusBarStyle[sdk=iphoneos*]" = UIStatusBarStyleDefault;
				"INFOPLIST_KEY_UIStatusBarStyle[sdk=iphonesimulator*]" = UIStatusBarStyleDefault;
				INFOPLIST_KEY_UISupportedInterfaceOrientations_iPad = "UIInterfaceOrientationPortrait UIInterfaceOrientationPortraitUpsideDown UIInterfaceOrientationLandscapeLeft UIInterfaceOrientationLandscapeRight";
				INFOPLIST_KEY_UISupportedInterfaceOrientations_iPhone = "UIInterfaceOrientationPortrait UIInterfaceOrientationLandscapeLeft UIInterfaceOrientationLandscapeRight";
				IPHONEOS_DEPLOYMENT_TARGET = 17.5;
				LD_RUNPATH_SEARCH_PATHS = "@executable_path/Frameworks";
				"LD_RUNPATH_SEARCH_PATHS[sdk=macosx*]" = "@executable_path/../Frameworks";
				MACOSX_DEPLOYMENT_TARGET = 14.5;
				MARKETING_VERSION = 1.0;
				PRODUCT_BUNDLE_IDENTIFIER = "com.parra.parra-ios-dev-client";
				PRODUCT_NAME = "$(TARGET_NAME)";
				PROVISIONING_PROFILE_SPECIFIER = "";
				SDKROOT = auto;
				SUPPORTED_PLATFORMS = "iphoneos iphonesimulator macosx";
				SWIFT_EMIT_LOC_STRINGS = YES;
				SWIFT_VERSION = 5.0;
				TARGETED_DEVICE_FAMILY = "1,2";
			};
			name = Debug;
		};
		00727F572C5AE43D00973122 /* Release */ = {
			isa = XCBuildConfiguration;
			buildSettings = {
				ASSETCATALOG_COMPILER_APPICON_NAME = AppIcon;
				ASSETCATALOG_COMPILER_GLOBAL_ACCENT_COLOR_NAME = AccentColor;
				CODE_SIGN_ENTITLEMENTS = ParraDev/ParraDev.entitlements;
				CODE_SIGN_IDENTITY = "Apple Development";
				CODE_SIGN_STYLE = Automatic;
				CURRENT_PROJECT_VERSION = 1;
				DEVELOPMENT_ASSET_PATHS = "\"ParraDev/Preview Content\"";
				DEVELOPMENT_TEAM = 6D44Q764PG;
				ENABLE_PREVIEWS = YES;
				GENERATE_INFOPLIST_FILE = YES;
				"INFOPLIST_KEY_UIApplicationSceneManifest_Generation[sdk=iphoneos*]" = YES;
				"INFOPLIST_KEY_UIApplicationSceneManifest_Generation[sdk=iphonesimulator*]" = YES;
				"INFOPLIST_KEY_UIApplicationSupportsIndirectInputEvents[sdk=iphoneos*]" = YES;
				"INFOPLIST_KEY_UIApplicationSupportsIndirectInputEvents[sdk=iphonesimulator*]" = YES;
				"INFOPLIST_KEY_UILaunchScreen_Generation[sdk=iphoneos*]" = YES;
				"INFOPLIST_KEY_UILaunchScreen_Generation[sdk=iphonesimulator*]" = YES;
				"INFOPLIST_KEY_UIStatusBarStyle[sdk=iphoneos*]" = UIStatusBarStyleDefault;
				"INFOPLIST_KEY_UIStatusBarStyle[sdk=iphonesimulator*]" = UIStatusBarStyleDefault;
				INFOPLIST_KEY_UISupportedInterfaceOrientations_iPad = "UIInterfaceOrientationPortrait UIInterfaceOrientationPortraitUpsideDown UIInterfaceOrientationLandscapeLeft UIInterfaceOrientationLandscapeRight";
				INFOPLIST_KEY_UISupportedInterfaceOrientations_iPhone = "UIInterfaceOrientationPortrait UIInterfaceOrientationLandscapeLeft UIInterfaceOrientationLandscapeRight";
				IPHONEOS_DEPLOYMENT_TARGET = 17.5;
				LD_RUNPATH_SEARCH_PATHS = "@executable_path/Frameworks";
				"LD_RUNPATH_SEARCH_PATHS[sdk=macosx*]" = "@executable_path/../Frameworks";
				MACOSX_DEPLOYMENT_TARGET = 14.5;
				MARKETING_VERSION = 1.0;
				PRODUCT_BUNDLE_IDENTIFIER = "com.parra.parra-ios-dev-client";
				PRODUCT_NAME = "$(TARGET_NAME)";
				PROVISIONING_PROFILE_SPECIFIER = "";
				SDKROOT = auto;
				SUPPORTED_PLATFORMS = "iphoneos iphonesimulator macosx";
				SWIFT_EMIT_LOC_STRINGS = YES;
				SWIFT_VERSION = 5.0;
				TARGETED_DEVICE_FAMILY = "1,2";
			};
			name = Release;
		};
/* End XCBuildConfiguration section */

/* Begin XCConfigurationList section */
		00727F412C5AE43D00973122 /* Build configuration list for PBXProject "ParraDev" */ = {
			isa = XCConfigurationList;
			buildConfigurations = (
				00727F532C5AE43D00973122 /* Debug */,
				00727F542C5AE43D00973122 /* Release */,
			);
			defaultConfigurationIsVisible = 0;
			defaultConfigurationName = Release;
		};
		00727F552C5AE43D00973122 /* Build configuration list for PBXNativeTarget "ParraDev" */ = {
			isa = XCConfigurationList;
			buildConfigurations = (
				00727F562C5AE43D00973122 /* Debug */,
				00727F572C5AE43D00973122 /* Release */,
			);
			defaultConfigurationIsVisible = 0;
			defaultConfigurationName = Release;
		};
/* End XCConfigurationList section */

/* Begin XCLocalSwiftPackageReference section */
		0012B8382C5C66400001F11D /* XCLocalSwiftPackageReference "../../parra-mobile-sdks" */ = {
			isa = XCLocalSwiftPackageReference;
			relativePath = "../../parra-mobile-sdks";
		};
/* End XCLocalSwiftPackageReference section */

/* Begin XCSwiftPackageProductDependency section */
		0012B8392C5C66400001F11D /* Parra */ = {
			isa = XCSwiftPackageProductDependency;
			productName = Parra;
		};
		002BC29B2C5BCAE20022F37E /* Parra */ = {
			isa = XCSwiftPackageProductDependency;
			productName = Parra;
		};
/* End XCSwiftPackageProductDependency section */
	};
	rootObject = 00727F3E2C5AE43D00973122 /* Project object */;
}
