{
  "originHash" : "49ebd897c474ecf80fd1e9d58119d29e576452285c1a24f5c635a1394f1d7a8e",
  "pins" : [
    {
      "identity" : "parra-mobile-sdks",
      "kind" : "remoteSourceControl",
      "location" : "https://github.com/Parra-Inc/parra-mobile-sdks",
      "state" : {
        "revision" : "08fc2770ae730828fb93901990e448c4595c6299",
        "version" : "0.5.2"
      }
    }
  ],
  "version" : 3
}
