{
  "originHash" : "49ebd897c474ecf80fd1e9d58119d29e576452285c1a24f5c635a1394f1d7a8e",
  "pins" : [
    {
      "identity" : "parra-mobile-sdks",
      "kind" : "remoteSourceControl",
      "location" : "https://github.com/Parra-Inc/parra-mobile-sdks",
      "state" : {
        "revision" : "2890246c35569f11b683dec25f144c08626cba3d",
        "version" : "0.3.13"
      }
    }
  ],
  "version" : 3
}
