{
  "originHash" : "49ebd897c474ecf80fd1e9d58119d29e576452285c1a24f5c635a1394f1d7a8e",
  "pins" : [
    {
      "identity" : "checkout-sheet-kit-swift",
      "kind" : "remoteSourceControl",
      "location" : "https://github.com/Shopify/checkout-sheet-kit-swift",
      "state" : {
        "revision" : "054485a9399d610d596e079c36dbd190891def34",
        "version" : "3.1.2"
      }
    },
    {
      "identity" : "mobile-buy-sdk-ios",
      "kind" : "remoteSourceControl",
      "location" : "https://github.com/Shopify/mobile-buy-sdk-ios",
      "state" : {
        "revision" : "5c76a102ceeb9ee89fb3d9a98723309dc097754b",
        "version" : "13.1.1"
      }
    },
    {
      "identity" : "parra-mobile-sdks",
      "kind" : "remoteSourceControl",
      "location" : "https://github.com/Parra-Inc/parra-mobile-sdks",
      "state" : {
        "revision" : "f2f22be243a33b432e882aca140ded83cab08299",
        "version" : "0.30.2"
      }
    },
    {
      "identity" : "swiftsoup",
      "kind" : "remoteSourceControl",
      "location" : "https://github.com/scinfu/SwiftSoup.git",
      "state" : {
        "revision" : "64e4daa41b0f22affa94a6063d509c137c26909c",
        "version" : "2.8.5"
      }
    }
  ],
  "version" : 3
}
