{
  "originHash" : "49ebd897c474ecf80fd1e9d58119d29e576452285c1a24f5c635a1394f1d7a8e",
  "pins" : [
    {
      "identity" : "parra-mobile-sdks",
      "kind" : "remoteSourceControl",
      "location" : "https://github.com/Parra-Inc/parra-mobile-sdks",
      "state" : {
        "revision" : "d49358b4df018a03b2e4c56b0ebd87272358f263",
        "version" : "0.2.1"
      }
    }
  ],
  "version" : 3
}
