{
  "originHash" : "49ebd897c474ecf80fd1e9d58119d29e576452285c1a24f5c635a1394f1d7a8e",
  "pins" : [
    {
      "identity" : "parra-mobile-sdks",
      "kind" : "remoteSourceControl",
      "location" : "https://github.com/Parra-Inc/parra-mobile-sdks",
      "state" : {
        "revision" : "e66ecb2338af6dc1ec5c7e630e5a4f423ffb267f",
        "version" : "0.1.66"
      }
    }
  ],
  "version" : 3
}
