{
  "originHash" : "21ef5e6ceb84f726a8bc95451f36cc883445dd1f114bffc404e060e141309273",
  "pins" : [
    {
      "identity" : "checkout-sheet-kit-swift",
      "kind" : "remoteSourceControl",
      "location" : "https://github.com/Shopify/checkout-sheet-kit-swift",
      "state" : {
        "revision" : "054485a9399d610d596e079c36dbd190891def34",
        "version" : "3.1.2"
      }
    },
    {
      "identity" : "mobile-buy-sdk-ios",
      "kind" : "remoteSourceControl",
      "location" : "https://github.com/Shopify/mobile-buy-sdk-ios",
      "state" : {
        "revision" : "5c76a102ceeb9ee89fb3d9a98723309dc097754b",
        "version" : "13.1.1"
      }
    },
    {
      "identity" : "swiftsoup",
      "kind" : "remoteSourceControl",
      "location" : "https://github.com/scinfu/SwiftSoup.git",
      "state" : {
        "revision" : "18ad8b8ff0f03f3c0a5544ffccfa2ea1c051ae6e",
        "version" : "2.8.0"
      }
    },
    {
      "identity" : "youtubeplayerkit",
      "kind" : "remoteSourceControl",
      "location" : "https://github.com/SvenTiigi/YouTubePlayerKit.git",
      "state" : {
        "revision" : "29ef4217810e15ce8c7fce6608a1eecd0935b621",
        "version" : "2.0.0"
      }
    }
  ],
  "version" : 3
}
