{
  "originHash" : "0a67d8018e2930b3aa73871798442ba4b5645eb7238c780713b248acb79497be",
  "pins" : [
    {
      "identity" : "checkout-sheet-kit-swift",
      "kind" : "remoteSourceControl",
      "location" : "https://github.com/Shopify/checkout-sheet-kit-swift",
      "state" : {
        "revision" : "054485a9399d610d596e079c36dbd190891def34",
        "version" : "3.1.2"
      }
    },
    {
      "identity" : "mobile-buy-sdk-ios",
      "kind" : "remoteSourceControl",
      "location" : "https://github.com/Shopify/mobile-buy-sdk-ios",
      "state" : {
        "revision" : "5c76a102ceeb9ee89fb3d9a98723309dc097754b",
        "version" : "13.1.1"
      }
    },
    {
      "identity" : "swifthtmltomarkdown",
      "kind" : "remoteSourceControl",
      "location" : "https://github.com/chrisjenkins/SwiftHTMLToMarkdown",
      "state" : {
        "revision" : "fde77a95686329f2382f54af1955a8d781377059"
      }
    },
    {
      "identity" : "swiftsoup",
      "kind" : "remoteSourceControl",
      "location" : "https://github.com/scinfu/SwiftSoup.git",
      "state" : {
        "revision" : "6b4930da67b462d3f200472c902dd016d37a554d",
        "version" : "2.7.7"
      }
    }
  ],
  "version" : 3
}
