{
  "originHash" : "4a6aeee3b3d1a1dc858d7e5107d1c35038c084fc170aefd863d43b50db37f26a",
  "pins" : [
    {
      "identity" : "checkout-sheet-kit-swift",
      "kind" : "remoteSourceControl",
      "location" : "https://github.com/Shopify/checkout-sheet-kit-swift",
      "state" : {
        "revision" : "822ee10c62fec7774ce3447c5e350151df9aed1d",
        "version" : "3.0.4"
      }
    },
    {
      "identity" : "mobile-buy-sdk-ios",
      "kind" : "remoteSourceControl",
      "location" : "https://github.com/Shopify/mobile-buy-sdk-ios",
      "state" : {
        "revision" : "a6a63afe39a1b52f86e7117dd307911e1702a7b5",
        "version" : "13.1.0"
      }
    },
    {
      "identity" : "swiftsoup",
      "kind" : "remoteSourceControl",
      "location" : "https://github.com/scinfu/SwiftSoup.git",
      "state" : {
        "revision" : "bba848db50462894e7fc0891d018dfecad4ef11e",
        "version" : "2.8.7"
      }
    },
    {
      "identity" : "youtubeplayerkit",
      "kind" : "remoteSourceControl",
      "location" : "https://github.com/SvenTiigi/YouTubePlayerKit.git",
      "state" : {
        "revision" : "29ef4217810e15ce8c7fce6608a1eecd0935b621",
        "version" : "2.0.0"
      }
    }
  ],
  "version" : 3
}
